
Microsoft Visual Studio Solution File, Format Version 12.00
# Visual Studio Version 16
VisualStudioVersion = 16.0.29519.161
MinimumVisualStudioVersion = 10.0.40219.1
Project("{2150E333-8FDC-42A3-9474-1A3956D46DE8}") = "Solution Items", "Solution Items", "{3E275568-3767-43AC-B51B-FA75C0B5CE91}"
	ProjectSection(SolutionItems) = preProject
		.editorconfig = .editorconfig
		global.json = global.json
		NuGet.config = NuGet.config
	EndProjectSection
EndProject
Project("{9A19103F-16F7-4668-BE54-9A1E7A4F7556}") = "IslandGateway.Common", "src\IslandGateway.Common\IslandGateway.Common.csproj", "{C89BCE14-7BCA-4E06-A75B-15B96ADFD259}"
EndProject
Project("{9A19103F-16F7-4668-BE54-9A1E7A4F7556}") = "IslandGateway.Core", "src\IslandGateway.Core\IslandGateway.Core.csproj", "{568EF8AE-7624-490D-A19F-C25D076FF091}"
EndProject
Project("{9A19103F-16F7-4668-BE54-9A1E7A4F7556}") = "IslandGateway.Utilities", "src\IslandGateway.Utilities\IslandGateway.Utilities.csproj", "{251332FE-2A63-4C47-8C60-5A2008C1D702}"
EndProject
Project("{9A19103F-16F7-4668-BE54-9A1E7A4F7556}") = "IslandGateway.Signals", "src\IslandGateway.Signals\IslandGateway.Signals.csproj", "{6BA0272C-19DF-4348-8B33-AFEAE6A93542}"
EndProject
Project("{9A19103F-16F7-4668-BE54-9A1E7A4F7556}") = "Tests.Common", "test\Tests.Common\Tests.Common.csproj", "{B54B2F89-2721-4C69-BF52-515DCAA66E86}"
EndProject
Project("{9A19103F-16F7-4668-BE54-9A1E7A4F7556}") = "IslandGateway.Common.Tests", "test\IslandGateway.Common.Tests\IslandGateway.Common.Tests.csproj", "{78E10C53-8E26-4E3F-8726-47C11AE65DDF}"
EndProject
Project("{9A19103F-16F7-4668-BE54-9A1E7A4F7556}") = "IslandGateway.Core.Tests", "test\IslandGateway.Core.Tests\IslandGateway.Core.Tests.csproj", "{3B188E4C-C926-4BED-94F3-0E83668FBAB0}"
EndProject
Project("{9A19103F-16F7-4668-BE54-9A1E7A4F7556}") = "IslandGateway.Utilities.Tests", "test\IslandGateway.Utilities.Tests\IslandGateway.Utilities.Tests.csproj", "{95DC0C76-C475-43D7-B416-0C169234BAB9}"
EndProject
Project("{9A19103F-16F7-4668-BE54-9A1E7A4F7556}") = "IslandGateway.Sample.Tests", "test\IslandGateway.Sample.Tests\IslandGateway.Sample.Tests.csproj", "{BAF28120-EF3A-4DFA-8F35-FC60554C93C0}"
EndProject
Project("{9A19103F-16F7-4668-BE54-9A1E7A4F7556}") = "IslandGateway.Signals.Tests", "test\IslandGateway.Signals.Tests\IslandGateway.Signals.Tests.csproj", "{1ED60DCE-10C4-4D3A-AEF4-A3EE728747AD}"
EndProject
Project("{9A19103F-16F7-4668-BE54-9A1E7A4F7556}") = "IslandGateway.Sample", "samples\IslandGateway.Sample\IslandGateway.Sample.csproj", "{8ECD71FA-3E74-4F4E-AE5D-0C4681F8A7B7}"
EndProject
Project("{9A19103F-16F7-4668-BE54-9A1E7A4F7556}") = "SampleClient", "samples\SampleClient\SampleClient.csproj", "{D294FD0A-CF8E-4DB2-B722-08577DB890D2}"
EndProject
Project("{9A19103F-16F7-4668-BE54-9A1E7A4F7556}") = "SampleServer", "samples\SampleServer\SampleServer.csproj", "{11D098B2-7116-4F37-817A-E496B8F15C76}"
EndProject
Project("{2150E333-8FDC-42A3-9474-1A3956D46DE8}") = "samples", "samples", "{149C61A2-D9F8-49B9-9F9B-3C953FEF53AA}"
EndProject
Project("{2150E333-8FDC-42A3-9474-1A3956D46DE8}") = "test", "test", "{0631147E-34BB-456D-B214-5B202C516D5C}"
EndProject
Project("{2150E333-8FDC-42A3-9474-1A3956D46DE8}") = "src", "src", "{6CBE18D4-64E9-492B-BB02-58CD57126C10}"
EndProject
Project("{2150E333-8FDC-42A3-9474-1A3956D46DE8}") = "docs", "docs", "{BC344A50-8F81-4762-9F4B-12714693144B}"
	ProjectSection(SolutionItems) = preProject
		docs\config.md = docs\config.md
	EndProjectSection
EndProject
Global
	GlobalSection(SolutionConfigurationPlatforms) = preSolution
		Debug|Any CPU = Debug|Any CPU
		Debug|x64 = Debug|x64
		Release|Any CPU = Release|Any CPU
		Release|x64 = Release|x64
	EndGlobalSection
	GlobalSection(ProjectConfigurationPlatforms) = postSolution
		{C89BCE14-7BCA-4E06-A75B-15B96ADFD259}.Debug|Any CPU.ActiveCfg = Debug|Any CPU
		{C89BCE14-7BCA-4E06-A75B-15B96ADFD259}.Debug|Any CPU.Build.0 = Debug|Any CPU
		{C89BCE14-7BCA-4E06-A75B-15B96ADFD259}.Debug|x64.ActiveCfg = Debug|Any CPU
		{C89BCE14-7BCA-4E06-A75B-15B96ADFD259}.Debug|x64.Build.0 = Debug|Any CPU
		{C89BCE14-7BCA-4E06-A75B-15B96ADFD259}.Release|Any CPU.ActiveCfg = Release|Any CPU
		{C89BCE14-7BCA-4E06-A75B-15B96ADFD259}.Release|Any CPU.Build.0 = Release|Any CPU
		{C89BCE14-7BCA-4E06-A75B-15B96ADFD259}.Release|x64.ActiveCfg = Release|Any CPU
		{C89BCE14-7BCA-4E06-A75B-15B96ADFD259}.Release|x64.Build.0 = Release|Any CPU
		{568EF8AE-7624-490D-A19F-C25D076FF091}.Debug|Any CPU.ActiveCfg = Debug|Any CPU
		{568EF8AE-7624-490D-A19F-C25D076FF091}.Debug|Any CPU.Build.0 = Debug|Any CPU
		{568EF8AE-7624-490D-A19F-C25D076FF091}.Debug|x64.ActiveCfg = Debug|Any CPU
		{568EF8AE-7624-490D-A19F-C25D076FF091}.Debug|x64.Build.0 = Debug|Any CPU
		{568EF8AE-7624-490D-A19F-C25D076FF091}.Release|Any CPU.ActiveCfg = Release|Any CPU
		{568EF8AE-7624-490D-A19F-C25D076FF091}.Release|Any CPU.Build.0 = Release|Any CPU
		{568EF8AE-7624-490D-A19F-C25D076FF091}.Release|x64.ActiveCfg = Release|Any CPU
		{568EF8AE-7624-490D-A19F-C25D076FF091}.Release|x64.Build.0 = Release|Any CPU
		{251332FE-2A63-4C47-8C60-5A2008C1D702}.Debug|Any CPU.ActiveCfg = Debug|Any CPU
		{251332FE-2A63-4C47-8C60-5A2008C1D702}.Debug|Any CPU.Build.0 = Debug|Any CPU
		{251332FE-2A63-4C47-8C60-5A2008C1D702}.Debug|x64.ActiveCfg = Debug|Any CPU
		{251332FE-2A63-4C47-8C60-5A2008C1D702}.Debug|x64.Build.0 = Debug|Any CPU
		{251332FE-2A63-4C47-8C60-5A2008C1D702}.Release|Any CPU.ActiveCfg = Release|Any CPU
		{251332FE-2A63-4C47-8C60-5A2008C1D702}.Release|Any CPU.Build.0 = Release|Any CPU
		{251332FE-2A63-4C47-8C60-5A2008C1D702}.Release|x64.ActiveCfg = Release|Any CPU
		{251332FE-2A63-4C47-8C60-5A2008C1D702}.Release|x64.Build.0 = Release|Any CPU
		{6BA0272C-19DF-4348-8B33-AFEAE6A93542}.Debug|Any CPU.ActiveCfg = Debug|Any CPU
		{6BA0272C-19DF-4348-8B33-AFEAE6A93542}.Debug|Any CPU.Build.0 = Debug|Any CPU
		{6BA0272C-19DF-4348-8B33-AFEAE6A93542}.Debug|x64.ActiveCfg = Debug|Any CPU
		{6BA0272C-19DF-4348-8B33-AFEAE6A93542}.Debug|x64.Build.0 = Debug|Any CPU
		{6BA0272C-19DF-4348-8B33-AFEAE6A93542}.Release|Any CPU.ActiveCfg = Release|Any CPU
		{6BA0272C-19DF-4348-8B33-AFEAE6A93542}.Release|Any CPU.Build.0 = Release|Any CPU
		{6BA0272C-19DF-4348-8B33-AFEAE6A93542}.Release|x64.ActiveCfg = Release|Any CPU
		{6BA0272C-19DF-4348-8B33-AFEAE6A93542}.Release|x64.Build.0 = Release|Any CPU
		{B54B2F89-2721-4C69-BF52-515DCAA66E86}.Debug|Any CPU.ActiveCfg = Debug|Any CPU
		{B54B2F89-2721-4C69-BF52-515DCAA66E86}.Debug|Any CPU.Build.0 = Debug|Any CPU
		{B54B2F89-2721-4C69-BF52-515DCAA66E86}.Debug|x64.ActiveCfg = Debug|Any CPU
		{B54B2F89-2721-4C69-BF52-515DCAA66E86}.Debug|x64.Build.0 = Debug|Any CPU
		{B54B2F89-2721-4C69-BF52-515DCAA66E86}.Release|Any CPU.ActiveCfg = Release|Any CPU
		{B54B2F89-2721-4C69-BF52-515DCAA66E86}.Release|Any CPU.Build.0 = Release|Any CPU
		{B54B2F89-2721-4C69-BF52-515DCAA66E86}.Release|x64.ActiveCfg = Release|Any CPU
		{B54B2F89-2721-4C69-BF52-515DCAA66E86}.Release|x64.Build.0 = Release|Any CPU
		{78E10C53-8E26-4E3F-8726-47C11AE65DDF}.Debug|Any CPU.ActiveCfg = Debug|Any CPU
		{78E10C53-8E26-4E3F-8726-47C11AE65DDF}.Debug|Any CPU.Build.0 = Debug|Any CPU
		{78E10C53-8E26-4E3F-8726-47C11AE65DDF}.Debug|x64.ActiveCfg = Debug|Any CPU
		{78E10C53-8E26-4E3F-8726-47C11AE65DDF}.Debug|x64.Build.0 = Debug|Any CPU
		{78E10C53-8E26-4E3F-8726-47C11AE65DDF}.Release|Any CPU.ActiveCfg = Release|Any CPU
		{78E10C53-8E26-4E3F-8726-47C11AE65DDF}.Release|Any CPU.Build.0 = Release|Any CPU
		{78E10C53-8E26-4E3F-8726-47C11AE65DDF}.Release|x64.ActiveCfg = Release|Any CPU
		{78E10C53-8E26-4E3F-8726-47C11AE65DDF}.Release|x64.Build.0 = Release|Any CPU
		{3B188E4C-C926-4BED-94F3-0E83668FBAB0}.Debug|Any CPU.ActiveCfg = Debug|Any CPU
		{3B188E4C-C926-4BED-94F3-0E83668FBAB0}.Debug|Any CPU.Build.0 = Debug|Any CPU
		{3B188E4C-C926-4BED-94F3-0E83668FBAB0}.Debug|x64.ActiveCfg = Debug|Any CPU
		{3B188E4C-C926-4BED-94F3-0E83668FBAB0}.Debug|x64.Build.0 = Debug|Any CPU
		{3B188E4C-C926-4BED-94F3-0E83668FBAB0}.Release|Any CPU.ActiveCfg = Release|Any CPU
		{3B188E4C-C926-4BED-94F3-0E83668FBAB0}.Release|Any CPU.Build.0 = Release|Any CPU
		{3B188E4C-C926-4BED-94F3-0E83668FBAB0}.Release|x64.ActiveCfg = Release|Any CPU
		{3B188E4C-C926-4BED-94F3-0E83668FBAB0}.Release|x64.Build.0 = Release|Any CPU
		{95DC0C76-C475-43D7-B416-0C169234BAB9}.Debug|Any CPU.ActiveCfg = Debug|Any CPU
		{95DC0C76-C475-43D7-B416-0C169234BAB9}.Debug|Any CPU.Build.0 = Debug|Any CPU
		{95DC0C76-C475-43D7-B416-0C169234BAB9}.Debug|x64.ActiveCfg = Debug|Any CPU
		{95DC0C76-C475-43D7-B416-0C169234BAB9}.Debug|x64.Build.0 = Debug|Any CPU
		{95DC0C76-C475-43D7-B416-0C169234BAB9}.Release|Any CPU.ActiveCfg = Release|Any CPU
		{95DC0C76-C475-43D7-B416-0C169234BAB9}.Release|Any CPU.Build.0 = Release|Any CPU
		{95DC0C76-C475-43D7-B416-0C169234BAB9}.Release|x64.ActiveCfg = Release|Any CPU
		{95DC0C76-C475-43D7-B416-0C169234BAB9}.Release|x64.Build.0 = Release|Any CPU
		{BAF28120-EF3A-4DFA-8F35-FC60554C93C0}.Debug|Any CPU.ActiveCfg = Debug|Any CPU
		{BAF28120-EF3A-4DFA-8F35-FC60554C93C0}.Debug|Any CPU.Build.0 = Debug|Any CPU
		{BAF28120-EF3A-4DFA-8F35-FC60554C93C0}.Debug|x64.ActiveCfg = Debug|Any CPU
		{BAF28120-EF3A-4DFA-8F35-FC60554C93C0}.Debug|x64.Build.0 = Debug|Any CPU
		{BAF28120-EF3A-4DFA-8F35-FC60554C93C0}.Release|Any CPU.ActiveCfg = Release|Any CPU
		{BAF28120-EF3A-4DFA-8F35-FC60554C93C0}.Release|Any CPU.Build.0 = Release|Any CPU
		{BAF28120-EF3A-4DFA-8F35-FC60554C93C0}.Release|x64.ActiveCfg = Release|Any CPU
		{BAF28120-EF3A-4DFA-8F35-FC60554C93C0}.Release|x64.Build.0 = Release|Any CPU
		{1ED60DCE-10C4-4D3A-AEF4-A3EE728747AD}.Debug|Any CPU.ActiveCfg = Debug|Any CPU
		{1ED60DCE-10C4-4D3A-AEF4-A3EE728747AD}.Debug|Any CPU.Build.0 = Debug|Any CPU
		{1ED60DCE-10C4-4D3A-AEF4-A3EE728747AD}.Debug|x64.ActiveCfg = Debug|Any CPU
		{1ED60DCE-10C4-4D3A-AEF4-A3EE728747AD}.Debug|x64.Build.0 = Debug|Any CPU
		{1ED60DCE-10C4-4D3A-AEF4-A3EE728747AD}.Release|Any CPU.ActiveCfg = Release|Any CPU
		{1ED60DCE-10C4-4D3A-AEF4-A3EE728747AD}.Release|Any CPU.Build.0 = Release|Any CPU
		{1ED60DCE-10C4-4D3A-AEF4-A3EE728747AD}.Release|x64.ActiveCfg = Release|Any CPU
		{1ED60DCE-10C4-4D3A-AEF4-A3EE728747AD}.Release|x64.Build.0 = Release|Any CPU
		{8ECD71FA-3E74-4F4E-AE5D-0C4681F8A7B7}.Debug|Any CPU.ActiveCfg = Debug|Any CPU
		{8ECD71FA-3E74-4F4E-AE5D-0C4681F8A7B7}.Debug|Any CPU.Build.0 = Debug|Any CPU
		{8ECD71FA-3E74-4F4E-AE5D-0C4681F8A7B7}.Debug|x64.ActiveCfg = Debug|Any CPU
		{8ECD71FA-3E74-4F4E-AE5D-0C4681F8A7B7}.Debug|x64.Build.0 = Debug|Any CPU
		{8ECD71FA-3E74-4F4E-AE5D-0C4681F8A7B7}.Release|Any CPU.ActiveCfg = Release|Any CPU
		{8ECD71FA-3E74-4F4E-AE5D-0C4681F8A7B7}.Release|Any CPU.Build.0 = Release|Any CPU
		{8ECD71FA-3E74-4F4E-AE5D-0C4681F8A7B7}.Release|x64.ActiveCfg = Release|Any CPU
		{8ECD71FA-3E74-4F4E-AE5D-0C4681F8A7B7}.Release|x64.Build.0 = Release|Any CPU
		{D294FD0A-CF8E-4DB2-B722-08577DB890D2}.Debug|Any CPU.ActiveCfg = Debug|Any CPU
		{D294FD0A-CF8E-4DB2-B722-08577DB890D2}.Debug|Any CPU.Build.0 = Debug|Any CPU
		{D294FD0A-CF8E-4DB2-B722-08577DB890D2}.Debug|x64.ActiveCfg = Debug|Any CPU
		{D294FD0A-CF8E-4DB2-B722-08577DB890D2}.Debug|x64.Build.0 = Debug|Any CPU
		{D294FD0A-CF8E-4DB2-B722-08577DB890D2}.Release|Any CPU.ActiveCfg = Release|Any CPU
		{D294FD0A-CF8E-4DB2-B722-08577DB890D2}.Release|Any CPU.Build.0 = Release|Any CPU
		{D294FD0A-CF8E-4DB2-B722-08577DB890D2}.Release|x64.ActiveCfg = Release|Any CPU
		{D294FD0A-CF8E-4DB2-B722-08577DB890D2}.Release|x64.Build.0 = Release|Any CPU
		{11D098B2-7116-4F37-817A-E496B8F15C76}.Debug|Any CPU.ActiveCfg = Debug|Any CPU
		{11D098B2-7116-4F37-817A-E496B8F15C76}.Debug|Any CPU.Build.0 = Debug|Any CPU
		{11D098B2-7116-4F37-817A-E496B8F15C76}.Debug|x64.ActiveCfg = Debug|Any CPU
		{11D098B2-7116-4F37-817A-E496B8F15C76}.Debug|x64.Build.0 = Debug|Any CPU
		{11D098B2-7116-4F37-817A-E496B8F15C76}.Release|Any CPU.ActiveCfg = Release|Any CPU
		{11D098B2-7116-4F37-817A-E496B8F15C76}.Release|Any CPU.Build.0 = Release|Any CPU
		{11D098B2-7116-4F37-817A-E496B8F15C76}.Release|x64.ActiveCfg = Release|Any CPU
		{11D098B2-7116-4F37-817A-E496B8F15C76}.Release|x64.Build.0 = Release|Any CPU
	EndGlobalSection
	GlobalSection(SolutionProperties) = preSolution
		HideSolutionNode = FALSE
	EndGlobalSection
	GlobalSection(NestedProjects) = preSolution
		{C89BCE14-7BCA-4E06-A75B-15B96ADFD259} = {6CBE18D4-64E9-492B-BB02-58CD57126C10}
		{568EF8AE-7624-490D-A19F-C25D076FF091} = {6CBE18D4-64E9-492B-BB02-58CD57126C10}
		{251332FE-2A63-4C47-8C60-5A2008C1D702} = {6CBE18D4-64E9-492B-BB02-58CD57126C10}
		{6BA0272C-19DF-4348-8B33-AFEAE6A93542} = {6CBE18D4-64E9-492B-BB02-58CD57126C10}
		{B54B2F89-2721-4C69-BF52-515DCAA66E86} = {0631147E-34BB-456D-B214-5B202C516D5C}
		{78E10C53-8E26-4E3F-8726-47C11AE65DDF} = {0631147E-34BB-456D-B214-5B202C516D5C}
		{3B188E4C-C926-4BED-94F3-0E83668FBAB0} = {0631147E-34BB-456D-B214-5B202C516D5C}
		{95DC0C76-C475-43D7-B416-0C169234BAB9} = {0631147E-34BB-456D-B214-5B202C516D5C}
		{BAF28120-EF3A-4DFA-8F35-FC60554C93C0} = {0631147E-34BB-456D-B214-5B202C516D5C}
		{1ED60DCE-10C4-4D3A-AEF4-A3EE728747AD} = {0631147E-34BB-456D-B214-5B202C516D5C}
		{8ECD71FA-3E74-4F4E-AE5D-0C4681F8A7B7} = {149C61A2-D9F8-49B9-9F9B-3C953FEF53AA}
		{D294FD0A-CF8E-4DB2-B722-08577DB890D2} = {149C61A2-D9F8-49B9-9F9B-3C953FEF53AA}
		{11D098B2-7116-4F37-817A-E496B8F15C76} = {149C61A2-D9F8-49B9-9F9B-3C953FEF53AA}
	EndGlobalSection
	GlobalSection(ExtensibilityGlobals) = postSolution
		SolutionGuid = {31F6924A-E427-4830-96E9-B47CEB7BFE78}
	EndGlobalSection
EndGlobal
