
Microsoft Visual Studio Solution File, Format Version 12.00
# Visual Studio Version 16
VisualStudioVersion = 16.0.29519.161
MinimumVisualStudioVersion = 10.0.40219.1
Project("{2150E333-8FDC-42A3-9474-1A3956D46DE8}") = "Solution Items", "Solution Items", "{3E275568-3767-43AC-B51B-FA75C0B5CE91}"
	ProjectSection(SolutionItems) = preProject
		.editorconfig = .editorconfig
		global.json = global.json
		NuGet.config = NuGet.config
	EndProjectSection
EndProject
Project("{9A19103F-16F7-4668-BE54-9A1E7A4F7556}") = "Yarp.ReverseProxy", "src\ReverseProxy\Yarp.ReverseProxy.csproj", "{568EF8AE-7624-490D-A19F-C25D076FF091}"
EndProject
Project("{9A19103F-16F7-4668-BE54-9A1E7A4F7556}") = "Yarp.ReverseProxy.Tests", "test\ReverseProxy.Tests\Yarp.ReverseProxy.Tests.csproj", "{3B188E4C-C926-4BED-94F3-0E83668FBAB0}"
EndProject
Project("{9A19103F-16F7-4668-BE54-9A1E7A4F7556}") = "SampleServer", "samples\SampleServer\SampleServer.csproj", "{11D098B2-7116-4F37-817A-E496B8F15C76}"
EndProject
Project("{2150E333-8FDC-42A3-9474-1A3956D46DE8}") = "samples", "samples", "{149C61A2-D9F8-49B9-9F9B-3C953FEF53AA}"
EndProject
Project("{2150E333-8FDC-42A3-9474-1A3956D46DE8}") = "test", "test", "{0631147E-34BB-456D-B214-5B202C516D5C}"
EndProject
Project("{2150E333-8FDC-42A3-9474-1A3956D46DE8}") = "src", "src", "{6CBE18D4-64E9-492B-BB02-58CD57126C10}"
EndProject
Project("{2150E333-8FDC-42A3-9474-1A3956D46DE8}") = "docs", "docs", "{BC344A50-8F81-4762-9F4B-12714693144B}"
EndProject
Project("{9A19103F-16F7-4668-BE54-9A1E7A4F7556}") = "docfx", "docs\docfx\docfx.csproj", "{7F6D4710-07D1-49D0-8EAE-675A3A9B50E3}"
EndProject
Project("{9A19103F-16F7-4668-BE54-9A1E7A4F7556}") = "ReverseProxy.Auth.Sample", "samples\ReverseProxy.Auth.Sample\ReverseProxy.Auth.Sample.csproj", "{354F2755-A090-4735-A657-726FB6DA92CD}"
EndProject
Project("{9A19103F-16F7-4668-BE54-9A1E7A4F7556}") = "Yarp.ReverseProxy.FunctionalTests", "test\ReverseProxy.FunctionalTests\Yarp.ReverseProxy.FunctionalTests.csproj", "{31089146-71DA-45C2-ACA6-EA1E2C916FD0}"
EndProject
Project("{9A19103F-16F7-4668-BE54-9A1E7A4F7556}") = "ReverseProxy.Code.Sample", "samples\ReverseProxy.Code.Sample\ReverseProxy.Code.Sample.csproj", "{F2547357-FB2F-4944-842F-D33D1E7A17FC}"
EndProject
Project("{9A19103F-16F7-4668-BE54-9A1E7A4F7556}") = "ReverseProxy.Direct.Sample", "samples\ReverseProxy.Direct.Sample\ReverseProxy.Direct.Sample.csproj", "{D6B72704-603C-4C6F-8DFA-BB820B1C6CC0}"
EndProject
Project("{9A19103F-16F7-4668-BE54-9A1E7A4F7556}") = "Yarp.ReverseProxy.ServiceFabric", "src\ServiceFabric\Yarp.ReverseProxy.ServiceFabric.csproj", "{D7D077C7-CE13-42C3-A26A-DE5F940CBF3D}"
EndProject
Project("{9A19103F-16F7-4668-BE54-9A1E7A4F7556}") = "Yarp.ReverseProxy.Tests.Common", "test\Tests.Common\Yarp.ReverseProxy.Tests.Common.csproj", "{A6F5DAB3-C9B6-402D-A637-131D56D3AD5E}"
EndProject
Project("{9A19103F-16F7-4668-BE54-9A1E7A4F7556}") = "Yarp.ReverseProxy.ServiceFabric.Tests", "test\ServiceFabric.Tests\Yarp.ReverseProxy.ServiceFabric.Tests.csproj", "{FC33B6BC-E328-45CD-8589-AF3A5D9450EE}"
EndProject
Project("{9A19103F-16F7-4668-BE54-9A1E7A4F7556}") = "ReverseProxy.ServiceFabric.Sample", "samples\ReverseProxy.ServiceFabric.Sample\ReverseProxy.ServiceFabric.Sample.csproj", "{46DC2693-5E60-48B4-AC15-329692E2A252}"
EndProject
Project("{9A19103F-16F7-4668-BE54-9A1E7A4F7556}") = "Yarp.Telemetry.Consumption", "src\TelemetryConsumption\Yarp.Telemetry.Consumption.csproj", "{9EE0CBFE-54E0-4189-AF30-BE0BE3185D2A}"
EndProject
Project("{2150E333-8FDC-42A3-9474-1A3956D46DE8}") = "testassets", "testassets", "{CDB73246-0A7E-4116-81E0-828228ECADDD}"
EndProject
Project("{9A19103F-16F7-4668-BE54-9A1E7A4F7556}") = "BenchmarkApp", "testassets\BenchmarkApp\BenchmarkApp.csproj", "{8C5F5323-4317-4A83-BB10-784FAAF7C9EB}"
EndProject
Project("{9A19103F-16F7-4668-BE54-9A1E7A4F7556}") = "ReverseProxy.Code", "testassets\ReverseProxy.Code\ReverseProxy.Code.csproj", "{9931B4F1-FBE9-4F7D-A5AB-CCE92F340ED2}"
EndProject
Project("{9A19103F-16F7-4668-BE54-9A1E7A4F7556}") = "ReverseProxy.Config", "testassets\ReverseProxy.Config\ReverseProxy.Config.csproj", "{9E3466B8-7263-4ADF-85D8-2412F73F64E1}"
EndProject
Project("{9A19103F-16F7-4668-BE54-9A1E7A4F7556}") = "ReverseProxy.Metrics.Sample", "samples\ReverseProxy.Metrics.Sample\ReverseProxy.Metrics.Sample.csproj", "{41C5ED9C-E700-4270-ABAB-2159DD02EF61}"
EndProject
Project("{9A19103F-16F7-4668-BE54-9A1E7A4F7556}") = "TestClient", "testassets\TestClient\TestClient.csproj", "{07C042A4-2E76-49BE-8AAF-5904470BEC69}"
EndProject
Project("{9A19103F-16F7-4668-BE54-9A1E7A4F7556}") = "BasicYarpSample", "samples\BasicYarpSample\BasicYarpSample.csproj", "{FA62D919-758B-4A84-8F70-393A47A077B3}"
EndProject
Project("{9A19103F-16F7-4668-BE54-9A1E7A4F7556}") = "ReverseProxy.Transforms.Sample", "samples\ReverseProxy.Transforms.Sample\ReverseProxy.Transforms.Sample.csproj", "{AD5C2956-760C-4A3F-9894-C1590BEB8D54}"
EndProject
Project("{9A19103F-16F7-4668-BE54-9A1E7A4F7556}") = "TestServer", "testassets\TestServer\TestServer.csproj", "{AE06F9BE-0B8D-4D02-9DC6-FE5A41FA4B5D}"
EndProject
Project("{9A19103F-16F7-4668-BE54-9A1E7A4F7556}") = "ReverseProxy.Direct", "testassets\ReverseProxy.Direct\ReverseProxy.Direct.csproj", "{6FE9874A-87B9-42C6-B19C-065A97CC6360}"
EndProject
Project("{9A19103F-16F7-4668-BE54-9A1E7A4F7556}") = "Yarp.Kubernetes.Controller", "src\Kubernetes.Controller\Yarp.Kubernetes.Controller.csproj", "{5C8E9658-39DA-4C27-A939-68F94B62110B}"
EndProject
Project("{9A19103F-16F7-4668-BE54-9A1E7A4F7556}") = "Yarp.Kubernetes.Protocol", "src\Kubernetes.Protocol\Yarp.Kubernetes.Protocol.csproj", "{4188D742-AC87-4CF4-86A0-3AB7AF034764}"
EndProject
Project("{2150E333-8FDC-42A3-9474-1A3956D46DE8}") = "OperatorFramework", "OperatorFramework", "{3A8C7CF8-1F32-474E-B68A-B548A3384BB4}"
EndProject
Project("{2150E333-8FDC-42A3-9474-1A3956D46DE8}") = "src", "src", "{E96BB4D7-EECC-4A78-BC7D-E167663FD6F2}"
EndProject
Project("{9A19103F-16F7-4668-BE54-9A1E7A4F7556}") = "Microsoft.Kubernetes.Core", "src\OperatorFramework\src\Core\Microsoft.Kubernetes.Core.csproj", "{EC716F93-C710-4D0E-BEB2-EB29BBD5F426}"
EndProject
Project("{9A19103F-16F7-4668-BE54-9A1E7A4F7556}") = "Microsoft.Kubernetes.Controller", "src\OperatorFramework\src\Controller\Microsoft.Kubernetes.Controller.csproj", "{E6A1D5FD-F7E2-4683-9384-F30A1981953C}"
EndProject
Project("{9A19103F-16F7-4668-BE54-9A1E7A4F7556}") = "Microsoft.Kubernetes.CustomResources", "src\OperatorFramework\src\CustomResource\Microsoft.Kubernetes.CustomResources.csproj", "{85EE0BDC-6962-448A-B317-041441513124}"
EndProject
Project("{9A19103F-16F7-4668-BE54-9A1E7A4F7556}") = "Microsoft.Kubernetes.Operator", "src\OperatorFramework\src\Operator\Microsoft.Kubernetes.Operator.csproj", "{B7BAB851-42BA-474A-9F48-ED74F88B610D}"
EndProject
Project("{9A19103F-16F7-4668-BE54-9A1E7A4F7556}") = "Microsoft.Kubernetes.ResourceKinds.OpenApi", "src\OperatorFramework\src\ResourceKinds.OpenApi\Microsoft.Kubernetes.ResourceKinds.OpenApi.csproj", "{EF2D9D76-C230-4880-8B6A-2286F48D868A}"
EndProject
Project("{9A19103F-16F7-4668-BE54-9A1E7A4F7556}") = "Microsoft.Kubernetes.Testing", "src\OperatorFramework\src\Testing\Microsoft.Kubernetes.Testing.csproj", "{A91475F7-6CF0-4564-A585-071D95CDC3A1}"
EndProject
Project("{9A19103F-16F7-4668-BE54-9A1E7A4F7556}") = "Yarp.Kubernetes.Tests", "test\Kubernetes.Tests\Yarp.Kubernetes.Tests.csproj", "{46E9889F-7355-433A-98D8-972D8D90C6D0}"
EndProject
Project("{9A19103F-16F7-4668-BE54-9A1E7A4F7556}") = "ReverseProxy.ConfigFilter.Sample", "samples\ReverseProxy.ConfigFilter.Sample\ReverseProxy.ConfigFilter.Sample.csproj", "{A1DE5B8D-25D2-4E57-B18D-5E64D879BE7E}"
EndProject
Project("{9A19103F-16F7-4668-BE54-9A1E7A4F7556}") = "ReverseProxy.Config.Sample", "samples\ReverseProxy.Config.Sample\ReverseProxy.Config.Sample.csproj", "{A19FDE35-C2BB-4326-BA29-C77975FAD4A9}"
EndProject
Project("{9A19103F-16F7-4668-BE54-9A1E7A4F7556}") = "ReverseProxy.Metrics.Promethius.Sample", "samples\Prometheus\ReverseProxy.Metrics-Promethius.Sample\ReverseProxy.Metrics.Promethius.Sample.csproj", "{31D7E62F-532B-4FAF-87A9-C1BB63AF222A}"
EndProject
Project("{2150E333-8FDC-42A3-9474-1A3956D46DE8}") = "KubernetesIngress.Sample", "KubernetesIngress.Sample", "{0B4635FC-8B63-4408-8077-F1CFDA5AB6D7}"
EndProject
Project("{2150E333-8FDC-42A3-9474-1A3956D46DE8}") = "Sample", "Sample", "{32B6B967-6EAF-42A1-9FD6-A59F752FF76B}"
EndProject
Project("{2150E333-8FDC-42A3-9474-1A3956D46DE8}") = "Ingress", "Ingress", "{04E87669-7E7B-4217-83A4-EF80B534D14B}"
EndProject
Project("{9A19103F-16F7-4668-BE54-9A1E7A4F7556}") = "Yarp.Kubernetes.Ingress", "samples\KuberenetesIngress.Sample\Ingress\Yarp.Kubernetes.Ingress.csproj", "{84B920E2-A501-457D-8F1A-9CC7AF8B5F2D}"
EndProject
Project("{9A19103F-16F7-4668-BE54-9A1E7A4F7556}") = "backend", "samples\KuberenetesIngress.Sample\backend\backend.csproj", "{EB5663B9-31BA-4930-A302-4B87B8DEB74A}"
EndProject
Project("{9A19103F-16F7-4668-BE54-9A1E7A4F7556}") = "ReverseProxy.Minimal.Sample", "samples\ReverseProxy.Minimal.Sample\ReverseProxy.Minimal.Sample.csproj", "{AA34BE13-7193-4036-A886-A7EE6CD36940}"
EndProject
Global
	GlobalSection(SolutionConfigurationPlatforms) = preSolution
		Debug|Any CPU = Debug|Any CPU
		Debug|x64 = Debug|x64
		Release|Any CPU = Release|Any CPU
		Release|x64 = Release|x64
	EndGlobalSection
	GlobalSection(ProjectConfigurationPlatforms) = postSolution
		{568EF8AE-7624-490D-A19F-C25D076FF091}.Debug|Any CPU.ActiveCfg = Debug|Any CPU
		{568EF8AE-7624-490D-A19F-C25D076FF091}.Debug|Any CPU.Build.0 = Debug|Any CPU
		{568EF8AE-7624-490D-A19F-C25D076FF091}.Debug|x64.ActiveCfg = Debug|Any CPU
		{568EF8AE-7624-490D-A19F-C25D076FF091}.Debug|x64.Build.0 = Debug|Any CPU
		{568EF8AE-7624-490D-A19F-C25D076FF091}.Release|Any CPU.ActiveCfg = Release|Any CPU
		{568EF8AE-7624-490D-A19F-C25D076FF091}.Release|Any CPU.Build.0 = Release|Any CPU
		{568EF8AE-7624-490D-A19F-C25D076FF091}.Release|x64.ActiveCfg = Release|Any CPU
		{568EF8AE-7624-490D-A19F-C25D076FF091}.Release|x64.Build.0 = Release|Any CPU
		{3B188E4C-C926-4BED-94F3-0E83668FBAB0}.Debug|Any CPU.ActiveCfg = Debug|Any CPU
		{3B188E4C-C926-4BED-94F3-0E83668FBAB0}.Debug|Any CPU.Build.0 = Debug|Any CPU
		{3B188E4C-C926-4BED-94F3-0E83668FBAB0}.Debug|x64.ActiveCfg = Debug|Any CPU
		{3B188E4C-C926-4BED-94F3-0E83668FBAB0}.Debug|x64.Build.0 = Debug|Any CPU
		{3B188E4C-C926-4BED-94F3-0E83668FBAB0}.Release|Any CPU.ActiveCfg = Release|Any CPU
		{3B188E4C-C926-4BED-94F3-0E83668FBAB0}.Release|Any CPU.Build.0 = Release|Any CPU
		{3B188E4C-C926-4BED-94F3-0E83668FBAB0}.Release|x64.ActiveCfg = Release|Any CPU
		{3B188E4C-C926-4BED-94F3-0E83668FBAB0}.Release|x64.Build.0 = Release|Any CPU
		{11D098B2-7116-4F37-817A-E496B8F15C76}.Debug|Any CPU.ActiveCfg = Debug|Any CPU
		{11D098B2-7116-4F37-817A-E496B8F15C76}.Debug|Any CPU.Build.0 = Debug|Any CPU
		{11D098B2-7116-4F37-817A-E496B8F15C76}.Debug|x64.ActiveCfg = Debug|Any CPU
		{11D098B2-7116-4F37-817A-E496B8F15C76}.Debug|x64.Build.0 = Debug|Any CPU
		{11D098B2-7116-4F37-817A-E496B8F15C76}.Release|Any CPU.ActiveCfg = Release|Any CPU
		{11D098B2-7116-4F37-817A-E496B8F15C76}.Release|Any CPU.Build.0 = Release|Any CPU
		{11D098B2-7116-4F37-817A-E496B8F15C76}.Release|x64.ActiveCfg = Release|Any CPU
		{11D098B2-7116-4F37-817A-E496B8F15C76}.Release|x64.Build.0 = Release|Any CPU
		{7F6D4710-07D1-49D0-8EAE-675A3A9B50E3}.Debug|Any CPU.ActiveCfg = Debug|Any CPU
		{7F6D4710-07D1-49D0-8EAE-675A3A9B50E3}.Debug|Any CPU.Build.0 = Debug|Any CPU
		{7F6D4710-07D1-49D0-8EAE-675A3A9B50E3}.Debug|x64.ActiveCfg = Debug|Any CPU
		{7F6D4710-07D1-49D0-8EAE-675A3A9B50E3}.Debug|x64.Build.0 = Debug|Any CPU
		{7F6D4710-07D1-49D0-8EAE-675A3A9B50E3}.Release|Any CPU.ActiveCfg = Release|Any CPU
		{7F6D4710-07D1-49D0-8EAE-675A3A9B50E3}.Release|Any CPU.Build.0 = Release|Any CPU
		{7F6D4710-07D1-49D0-8EAE-675A3A9B50E3}.Release|x64.ActiveCfg = Release|Any CPU
		{7F6D4710-07D1-49D0-8EAE-675A3A9B50E3}.Release|x64.Build.0 = Release|Any CPU
		{354F2755-A090-4735-A657-726FB6DA92CD}.Debug|Any CPU.ActiveCfg = Debug|Any CPU
		{354F2755-A090-4735-A657-726FB6DA92CD}.Debug|Any CPU.Build.0 = Debug|Any CPU
		{354F2755-A090-4735-A657-726FB6DA92CD}.Debug|x64.ActiveCfg = Debug|Any CPU
		{354F2755-A090-4735-A657-726FB6DA92CD}.Debug|x64.Build.0 = Debug|Any CPU
		{354F2755-A090-4735-A657-726FB6DA92CD}.Release|Any CPU.ActiveCfg = Release|Any CPU
		{354F2755-A090-4735-A657-726FB6DA92CD}.Release|Any CPU.Build.0 = Release|Any CPU
		{354F2755-A090-4735-A657-726FB6DA92CD}.Release|x64.ActiveCfg = Release|Any CPU
		{354F2755-A090-4735-A657-726FB6DA92CD}.Release|x64.Build.0 = Release|Any CPU
		{31089146-71DA-45C2-ACA6-EA1E2C916FD0}.Debug|Any CPU.ActiveCfg = Debug|Any CPU
		{31089146-71DA-45C2-ACA6-EA1E2C916FD0}.Debug|Any CPU.Build.0 = Debug|Any CPU
		{31089146-71DA-45C2-ACA6-EA1E2C916FD0}.Debug|x64.ActiveCfg = Debug|Any CPU
		{31089146-71DA-45C2-ACA6-EA1E2C916FD0}.Debug|x64.Build.0 = Debug|Any CPU
		{31089146-71DA-45C2-ACA6-EA1E2C916FD0}.Release|Any CPU.ActiveCfg = Release|Any CPU
		{31089146-71DA-45C2-ACA6-EA1E2C916FD0}.Release|Any CPU.Build.0 = Release|Any CPU
		{31089146-71DA-45C2-ACA6-EA1E2C916FD0}.Release|x64.ActiveCfg = Release|Any CPU
		{31089146-71DA-45C2-ACA6-EA1E2C916FD0}.Release|x64.Build.0 = Release|Any CPU
		{F2547357-FB2F-4944-842F-D33D1E7A17FC}.Debug|Any CPU.ActiveCfg = Debug|Any CPU
		{F2547357-FB2F-4944-842F-D33D1E7A17FC}.Debug|Any CPU.Build.0 = Debug|Any CPU
		{F2547357-FB2F-4944-842F-D33D1E7A17FC}.Debug|x64.ActiveCfg = Debug|Any CPU
		{F2547357-FB2F-4944-842F-D33D1E7A17FC}.Debug|x64.Build.0 = Debug|Any CPU
		{F2547357-FB2F-4944-842F-D33D1E7A17FC}.Release|Any CPU.ActiveCfg = Release|Any CPU
		{F2547357-FB2F-4944-842F-D33D1E7A17FC}.Release|Any CPU.Build.0 = Release|Any CPU
		{F2547357-FB2F-4944-842F-D33D1E7A17FC}.Release|x64.ActiveCfg = Release|Any CPU
		{F2547357-FB2F-4944-842F-D33D1E7A17FC}.Release|x64.Build.0 = Release|Any CPU
		{D6B72704-603C-4C6F-8DFA-BB820B1C6CC0}.Debug|Any CPU.ActiveCfg = Debug|Any CPU
		{D6B72704-603C-4C6F-8DFA-BB820B1C6CC0}.Debug|Any CPU.Build.0 = Debug|Any CPU
		{D6B72704-603C-4C6F-8DFA-BB820B1C6CC0}.Debug|x64.ActiveCfg = Debug|Any CPU
		{D6B72704-603C-4C6F-8DFA-BB820B1C6CC0}.Debug|x64.Build.0 = Debug|Any CPU
		{D6B72704-603C-4C6F-8DFA-BB820B1C6CC0}.Release|Any CPU.ActiveCfg = Release|Any CPU
		{D6B72704-603C-4C6F-8DFA-BB820B1C6CC0}.Release|Any CPU.Build.0 = Release|Any CPU
		{D6B72704-603C-4C6F-8DFA-BB820B1C6CC0}.Release|x64.ActiveCfg = Release|Any CPU
		{D6B72704-603C-4C6F-8DFA-BB820B1C6CC0}.Release|x64.Build.0 = Release|Any CPU
		{D7D077C7-CE13-42C3-A26A-DE5F940CBF3D}.Debug|Any CPU.ActiveCfg = Debug|Any CPU
		{D7D077C7-CE13-42C3-A26A-DE5F940CBF3D}.Debug|Any CPU.Build.0 = Debug|Any CPU
		{D7D077C7-CE13-42C3-A26A-DE5F940CBF3D}.Debug|x64.ActiveCfg = Debug|Any CPU
		{D7D077C7-CE13-42C3-A26A-DE5F940CBF3D}.Debug|x64.Build.0 = Debug|Any CPU
		{D7D077C7-CE13-42C3-A26A-DE5F940CBF3D}.Release|Any CPU.ActiveCfg = Release|Any CPU
		{D7D077C7-CE13-42C3-A26A-DE5F940CBF3D}.Release|Any CPU.Build.0 = Release|Any CPU
		{D7D077C7-CE13-42C3-A26A-DE5F940CBF3D}.Release|x64.ActiveCfg = Release|Any CPU
		{D7D077C7-CE13-42C3-A26A-DE5F940CBF3D}.Release|x64.Build.0 = Release|Any CPU
		{A6F5DAB3-C9B6-402D-A637-131D56D3AD5E}.Debug|Any CPU.ActiveCfg = Debug|Any CPU
		{A6F5DAB3-C9B6-402D-A637-131D56D3AD5E}.Debug|Any CPU.Build.0 = Debug|Any CPU
		{A6F5DAB3-C9B6-402D-A637-131D56D3AD5E}.Debug|x64.ActiveCfg = Debug|Any CPU
		{A6F5DAB3-C9B6-402D-A637-131D56D3AD5E}.Debug|x64.Build.0 = Debug|Any CPU
		{A6F5DAB3-C9B6-402D-A637-131D56D3AD5E}.Release|Any CPU.ActiveCfg = Release|Any CPU
		{A6F5DAB3-C9B6-402D-A637-131D56D3AD5E}.Release|Any CPU.Build.0 = Release|Any CPU
		{A6F5DAB3-C9B6-402D-A637-131D56D3AD5E}.Release|x64.ActiveCfg = Release|Any CPU
		{A6F5DAB3-C9B6-402D-A637-131D56D3AD5E}.Release|x64.Build.0 = Release|Any CPU
		{FC33B6BC-E328-45CD-8589-AF3A5D9450EE}.Debug|Any CPU.ActiveCfg = Debug|Any CPU
		{FC33B6BC-E328-45CD-8589-AF3A5D9450EE}.Debug|Any CPU.Build.0 = Debug|Any CPU
		{FC33B6BC-E328-45CD-8589-AF3A5D9450EE}.Debug|x64.ActiveCfg = Debug|Any CPU
		{FC33B6BC-E328-45CD-8589-AF3A5D9450EE}.Debug|x64.Build.0 = Debug|Any CPU
		{FC33B6BC-E328-45CD-8589-AF3A5D9450EE}.Release|Any CPU.ActiveCfg = Release|Any CPU
		{FC33B6BC-E328-45CD-8589-AF3A5D9450EE}.Release|Any CPU.Build.0 = Release|Any CPU
		{FC33B6BC-E328-45CD-8589-AF3A5D9450EE}.Release|x64.ActiveCfg = Release|Any CPU
		{FC33B6BC-E328-45CD-8589-AF3A5D9450EE}.Release|x64.Build.0 = Release|Any CPU
		{46DC2693-5E60-48B4-AC15-329692E2A252}.Debug|Any CPU.ActiveCfg = Debug|Any CPU
		{46DC2693-5E60-48B4-AC15-329692E2A252}.Debug|Any CPU.Build.0 = Debug|Any CPU
		{46DC2693-5E60-48B4-AC15-329692E2A252}.Debug|x64.ActiveCfg = Debug|Any CPU
		{46DC2693-5E60-48B4-AC15-329692E2A252}.Debug|x64.Build.0 = Debug|Any CPU
		{46DC2693-5E60-48B4-AC15-329692E2A252}.Release|Any CPU.ActiveCfg = Release|Any CPU
		{46DC2693-5E60-48B4-AC15-329692E2A252}.Release|Any CPU.Build.0 = Release|Any CPU
		{46DC2693-5E60-48B4-AC15-329692E2A252}.Release|x64.ActiveCfg = Release|Any CPU
		{46DC2693-5E60-48B4-AC15-329692E2A252}.Release|x64.Build.0 = Release|Any CPU
		{9EE0CBFE-54E0-4189-AF30-BE0BE3185D2A}.Debug|Any CPU.ActiveCfg = Debug|Any CPU
		{9EE0CBFE-54E0-4189-AF30-BE0BE3185D2A}.Debug|Any CPU.Build.0 = Debug|Any CPU
		{9EE0CBFE-54E0-4189-AF30-BE0BE3185D2A}.Debug|x64.ActiveCfg = Debug|Any CPU
		{9EE0CBFE-54E0-4189-AF30-BE0BE3185D2A}.Debug|x64.Build.0 = Debug|Any CPU
		{9EE0CBFE-54E0-4189-AF30-BE0BE3185D2A}.Release|Any CPU.ActiveCfg = Release|Any CPU
		{9EE0CBFE-54E0-4189-AF30-BE0BE3185D2A}.Release|Any CPU.Build.0 = Release|Any CPU
		{9EE0CBFE-54E0-4189-AF30-BE0BE3185D2A}.Release|x64.ActiveCfg = Release|Any CPU
		{9EE0CBFE-54E0-4189-AF30-BE0BE3185D2A}.Release|x64.Build.0 = Release|Any CPU
		{8C5F5323-4317-4A83-BB10-784FAAF7C9EB}.Debug|Any CPU.ActiveCfg = Debug|Any CPU
		{8C5F5323-4317-4A83-BB10-784FAAF7C9EB}.Debug|Any CPU.Build.0 = Debug|Any CPU
		{8C5F5323-4317-4A83-BB10-784FAAF7C9EB}.Debug|x64.ActiveCfg = Debug|Any CPU
		{8C5F5323-4317-4A83-BB10-784FAAF7C9EB}.Debug|x64.Build.0 = Debug|Any CPU
		{8C5F5323-4317-4A83-BB10-784FAAF7C9EB}.Release|Any CPU.ActiveCfg = Release|Any CPU
		{8C5F5323-4317-4A83-BB10-784FAAF7C9EB}.Release|Any CPU.Build.0 = Release|Any CPU
		{8C5F5323-4317-4A83-BB10-784FAAF7C9EB}.Release|x64.ActiveCfg = Release|Any CPU
		{8C5F5323-4317-4A83-BB10-784FAAF7C9EB}.Release|x64.Build.0 = Release|Any CPU
		{9931B4F1-FBE9-4F7D-A5AB-CCE92F340ED2}.Debug|Any CPU.ActiveCfg = Debug|Any CPU
		{9931B4F1-FBE9-4F7D-A5AB-CCE92F340ED2}.Debug|Any CPU.Build.0 = Debug|Any CPU
		{9931B4F1-FBE9-4F7D-A5AB-CCE92F340ED2}.Debug|x64.ActiveCfg = Debug|Any CPU
		{9931B4F1-FBE9-4F7D-A5AB-CCE92F340ED2}.Debug|x64.Build.0 = Debug|Any CPU
		{9931B4F1-FBE9-4F7D-A5AB-CCE92F340ED2}.Release|Any CPU.ActiveCfg = Release|Any CPU
		{9931B4F1-FBE9-4F7D-A5AB-CCE92F340ED2}.Release|Any CPU.Build.0 = Release|Any CPU
		{9931B4F1-FBE9-4F7D-A5AB-CCE92F340ED2}.Release|x64.ActiveCfg = Release|Any CPU
		{9931B4F1-FBE9-4F7D-A5AB-CCE92F340ED2}.Release|x64.Build.0 = Release|Any CPU
		{9E3466B8-7263-4ADF-85D8-2412F73F64E1}.Debug|Any CPU.ActiveCfg = Debug|Any CPU
		{9E3466B8-7263-4ADF-85D8-2412F73F64E1}.Debug|Any CPU.Build.0 = Debug|Any CPU
		{9E3466B8-7263-4ADF-85D8-2412F73F64E1}.Debug|x64.ActiveCfg = Debug|Any CPU
		{9E3466B8-7263-4ADF-85D8-2412F73F64E1}.Debug|x64.Build.0 = Debug|Any CPU
		{9E3466B8-7263-4ADF-85D8-2412F73F64E1}.Release|Any CPU.ActiveCfg = Release|Any CPU
		{9E3466B8-7263-4ADF-85D8-2412F73F64E1}.Release|Any CPU.Build.0 = Release|Any CPU
		{9E3466B8-7263-4ADF-85D8-2412F73F64E1}.Release|x64.ActiveCfg = Release|Any CPU
		{9E3466B8-7263-4ADF-85D8-2412F73F64E1}.Release|x64.Build.0 = Release|Any CPU
		{41C5ED9C-E700-4270-ABAB-2159DD02EF61}.Debug|Any CPU.ActiveCfg = Debug|Any CPU
		{41C5ED9C-E700-4270-ABAB-2159DD02EF61}.Debug|Any CPU.Build.0 = Debug|Any CPU
		{41C5ED9C-E700-4270-ABAB-2159DD02EF61}.Debug|x64.ActiveCfg = Debug|Any CPU
		{41C5ED9C-E700-4270-ABAB-2159DD02EF61}.Debug|x64.Build.0 = Debug|Any CPU
		{41C5ED9C-E700-4270-ABAB-2159DD02EF61}.Release|Any CPU.ActiveCfg = Release|Any CPU
		{41C5ED9C-E700-4270-ABAB-2159DD02EF61}.Release|Any CPU.Build.0 = Release|Any CPU
		{41C5ED9C-E700-4270-ABAB-2159DD02EF61}.Release|x64.ActiveCfg = Release|Any CPU
		{41C5ED9C-E700-4270-ABAB-2159DD02EF61}.Release|x64.Build.0 = Release|Any CPU
		{07C042A4-2E76-49BE-8AAF-5904470BEC69}.Debug|Any CPU.ActiveCfg = Debug|Any CPU
		{07C042A4-2E76-49BE-8AAF-5904470BEC69}.Debug|Any CPU.Build.0 = Debug|Any CPU
		{07C042A4-2E76-49BE-8AAF-5904470BEC69}.Debug|x64.ActiveCfg = Debug|Any CPU
		{07C042A4-2E76-49BE-8AAF-5904470BEC69}.Debug|x64.Build.0 = Debug|Any CPU
		{07C042A4-2E76-49BE-8AAF-5904470BEC69}.Release|Any CPU.ActiveCfg = Release|Any CPU
		{07C042A4-2E76-49BE-8AAF-5904470BEC69}.Release|Any CPU.Build.0 = Release|Any CPU
		{07C042A4-2E76-49BE-8AAF-5904470BEC69}.Release|x64.ActiveCfg = Release|Any CPU
		{07C042A4-2E76-49BE-8AAF-5904470BEC69}.Release|x64.Build.0 = Release|Any CPU
		{FA62D919-758B-4A84-8F70-393A47A077B3}.Debug|Any CPU.ActiveCfg = Debug|Any CPU
		{FA62D919-758B-4A84-8F70-393A47A077B3}.Debug|Any CPU.Build.0 = Debug|Any CPU
		{FA62D919-758B-4A84-8F70-393A47A077B3}.Debug|x64.ActiveCfg = Debug|Any CPU
		{FA62D919-758B-4A84-8F70-393A47A077B3}.Debug|x64.Build.0 = Debug|Any CPU
		{FA62D919-758B-4A84-8F70-393A47A077B3}.Release|Any CPU.ActiveCfg = Release|Any CPU
		{FA62D919-758B-4A84-8F70-393A47A077B3}.Release|Any CPU.Build.0 = Release|Any CPU
		{FA62D919-758B-4A84-8F70-393A47A077B3}.Release|x64.ActiveCfg = Release|Any CPU
		{FA62D919-758B-4A84-8F70-393A47A077B3}.Release|x64.Build.0 = Release|Any CPU
		{AD5C2956-760C-4A3F-9894-C1590BEB8D54}.Debug|Any CPU.ActiveCfg = Debug|Any CPU
		{AD5C2956-760C-4A3F-9894-C1590BEB8D54}.Debug|Any CPU.Build.0 = Debug|Any CPU
		{AD5C2956-760C-4A3F-9894-C1590BEB8D54}.Debug|x64.ActiveCfg = Debug|Any CPU
		{AD5C2956-760C-4A3F-9894-C1590BEB8D54}.Debug|x64.Build.0 = Debug|Any CPU
		{AD5C2956-760C-4A3F-9894-C1590BEB8D54}.Release|Any CPU.ActiveCfg = Release|Any CPU
		{AD5C2956-760C-4A3F-9894-C1590BEB8D54}.Release|Any CPU.Build.0 = Release|Any CPU
		{AD5C2956-760C-4A3F-9894-C1590BEB8D54}.Release|x64.ActiveCfg = Release|Any CPU
		{AD5C2956-760C-4A3F-9894-C1590BEB8D54}.Release|x64.Build.0 = Release|Any CPU
		{AE06F9BE-0B8D-4D02-9DC6-FE5A41FA4B5D}.Debug|Any CPU.ActiveCfg = Debug|Any CPU
		{AE06F9BE-0B8D-4D02-9DC6-FE5A41FA4B5D}.Debug|Any CPU.Build.0 = Debug|Any CPU
		{AE06F9BE-0B8D-4D02-9DC6-FE5A41FA4B5D}.Debug|x64.ActiveCfg = Debug|Any CPU
		{AE06F9BE-0B8D-4D02-9DC6-FE5A41FA4B5D}.Debug|x64.Build.0 = Debug|Any CPU
		{AE06F9BE-0B8D-4D02-9DC6-FE5A41FA4B5D}.Release|Any CPU.ActiveCfg = Release|Any CPU
		{AE06F9BE-0B8D-4D02-9DC6-FE5A41FA4B5D}.Release|Any CPU.Build.0 = Release|Any CPU
		{AE06F9BE-0B8D-4D02-9DC6-FE5A41FA4B5D}.Release|x64.ActiveCfg = Release|Any CPU
		{AE06F9BE-0B8D-4D02-9DC6-FE5A41FA4B5D}.Release|x64.Build.0 = Release|Any CPU
		{6FE9874A-87B9-42C6-B19C-065A97CC6360}.Debug|Any CPU.ActiveCfg = Debug|Any CPU
		{6FE9874A-87B9-42C6-B19C-065A97CC6360}.Debug|Any CPU.Build.0 = Debug|Any CPU
		{6FE9874A-87B9-42C6-B19C-065A97CC6360}.Debug|x64.ActiveCfg = Debug|Any CPU
		{6FE9874A-87B9-42C6-B19C-065A97CC6360}.Debug|x64.Build.0 = Debug|Any CPU
		{6FE9874A-87B9-42C6-B19C-065A97CC6360}.Release|Any CPU.ActiveCfg = Release|Any CPU
		{6FE9874A-87B9-42C6-B19C-065A97CC6360}.Release|Any CPU.Build.0 = Release|Any CPU
		{6FE9874A-87B9-42C6-B19C-065A97CC6360}.Release|x64.ActiveCfg = Release|Any CPU
		{6FE9874A-87B9-42C6-B19C-065A97CC6360}.Release|x64.Build.0 = Release|Any CPU
		{5C8E9658-39DA-4C27-A939-68F94B62110B}.Debug|Any CPU.ActiveCfg = Debug|Any CPU
		{5C8E9658-39DA-4C27-A939-68F94B62110B}.Debug|Any CPU.Build.0 = Debug|Any CPU
		{5C8E9658-39DA-4C27-A939-68F94B62110B}.Debug|x64.ActiveCfg = Debug|Any CPU
		{5C8E9658-39DA-4C27-A939-68F94B62110B}.Debug|x64.Build.0 = Debug|Any CPU
		{5C8E9658-39DA-4C27-A939-68F94B62110B}.Release|Any CPU.ActiveCfg = Release|Any CPU
		{5C8E9658-39DA-4C27-A939-68F94B62110B}.Release|Any CPU.Build.0 = Release|Any CPU
		{5C8E9658-39DA-4C27-A939-68F94B62110B}.Release|x64.ActiveCfg = Release|Any CPU
		{5C8E9658-39DA-4C27-A939-68F94B62110B}.Release|x64.Build.0 = Release|Any CPU
		{4188D742-AC87-4CF4-86A0-3AB7AF034764}.Debug|Any CPU.ActiveCfg = Debug|Any CPU
		{4188D742-AC87-4CF4-86A0-3AB7AF034764}.Debug|Any CPU.Build.0 = Debug|Any CPU
		{4188D742-AC87-4CF4-86A0-3AB7AF034764}.Debug|x64.ActiveCfg = Debug|Any CPU
		{4188D742-AC87-4CF4-86A0-3AB7AF034764}.Debug|x64.Build.0 = Debug|Any CPU
		{4188D742-AC87-4CF4-86A0-3AB7AF034764}.Release|Any CPU.ActiveCfg = Release|Any CPU
		{4188D742-AC87-4CF4-86A0-3AB7AF034764}.Release|Any CPU.Build.0 = Release|Any CPU
		{4188D742-AC87-4CF4-86A0-3AB7AF034764}.Release|x64.ActiveCfg = Release|Any CPU
		{4188D742-AC87-4CF4-86A0-3AB7AF034764}.Release|x64.Build.0 = Release|Any CPU
		{EC716F93-C710-4D0E-BEB2-EB29BBD5F426}.Debug|Any CPU.ActiveCfg = Debug|Any CPU
		{EC716F93-C710-4D0E-BEB2-EB29BBD5F426}.Debug|Any CPU.Build.0 = Debug|Any CPU
		{EC716F93-C710-4D0E-BEB2-EB29BBD5F426}.Debug|x64.ActiveCfg = Debug|Any CPU
		{EC716F93-C710-4D0E-BEB2-EB29BBD5F426}.Debug|x64.Build.0 = Debug|Any CPU
		{EC716F93-C710-4D0E-BEB2-EB29BBD5F426}.Release|Any CPU.ActiveCfg = Release|Any CPU
		{EC716F93-C710-4D0E-BEB2-EB29BBD5F426}.Release|Any CPU.Build.0 = Release|Any CPU
		{EC716F93-C710-4D0E-BEB2-EB29BBD5F426}.Release|x64.ActiveCfg = Release|Any CPU
		{EC716F93-C710-4D0E-BEB2-EB29BBD5F426}.Release|x64.Build.0 = Release|Any CPU
		{E6A1D5FD-F7E2-4683-9384-F30A1981953C}.Debug|Any CPU.ActiveCfg = Debug|Any CPU
		{E6A1D5FD-F7E2-4683-9384-F30A1981953C}.Debug|Any CPU.Build.0 = Debug|Any CPU
		{E6A1D5FD-F7E2-4683-9384-F30A1981953C}.Debug|x64.ActiveCfg = Debug|Any CPU
		{E6A1D5FD-F7E2-4683-9384-F30A1981953C}.Debug|x64.Build.0 = Debug|Any CPU
		{E6A1D5FD-F7E2-4683-9384-F30A1981953C}.Release|Any CPU.ActiveCfg = Release|Any CPU
		{E6A1D5FD-F7E2-4683-9384-F30A1981953C}.Release|Any CPU.Build.0 = Release|Any CPU
		{E6A1D5FD-F7E2-4683-9384-F30A1981953C}.Release|x64.ActiveCfg = Release|Any CPU
		{E6A1D5FD-F7E2-4683-9384-F30A1981953C}.Release|x64.Build.0 = Release|Any CPU
		{85EE0BDC-6962-448A-B317-041441513124}.Debug|Any CPU.ActiveCfg = Debug|Any CPU
		{85EE0BDC-6962-448A-B317-041441513124}.Debug|Any CPU.Build.0 = Debug|Any CPU
		{85EE0BDC-6962-448A-B317-041441513124}.Debug|x64.ActiveCfg = Debug|Any CPU
		{85EE0BDC-6962-448A-B317-041441513124}.Debug|x64.Build.0 = Debug|Any CPU
		{85EE0BDC-6962-448A-B317-041441513124}.Release|Any CPU.ActiveCfg = Release|Any CPU
		{85EE0BDC-6962-448A-B317-041441513124}.Release|Any CPU.Build.0 = Release|Any CPU
		{85EE0BDC-6962-448A-B317-041441513124}.Release|x64.ActiveCfg = Release|Any CPU
		{85EE0BDC-6962-448A-B317-041441513124}.Release|x64.Build.0 = Release|Any CPU
		{B7BAB851-42BA-474A-9F48-ED74F88B610D}.Debug|Any CPU.ActiveCfg = Debug|Any CPU
		{B7BAB851-42BA-474A-9F48-ED74F88B610D}.Debug|Any CPU.Build.0 = Debug|Any CPU
		{B7BAB851-42BA-474A-9F48-ED74F88B610D}.Debug|x64.ActiveCfg = Debug|Any CPU
		{B7BAB851-42BA-474A-9F48-ED74F88B610D}.Debug|x64.Build.0 = Debug|Any CPU
		{B7BAB851-42BA-474A-9F48-ED74F88B610D}.Release|Any CPU.ActiveCfg = Release|Any CPU
		{B7BAB851-42BA-474A-9F48-ED74F88B610D}.Release|Any CPU.Build.0 = Release|Any CPU
		{B7BAB851-42BA-474A-9F48-ED74F88B610D}.Release|x64.ActiveCfg = Release|Any CPU
		{B7BAB851-42BA-474A-9F48-ED74F88B610D}.Release|x64.Build.0 = Release|Any CPU
		{EF2D9D76-C230-4880-8B6A-2286F48D868A}.Debug|Any CPU.ActiveCfg = Debug|Any CPU
		{EF2D9D76-C230-4880-8B6A-2286F48D868A}.Debug|Any CPU.Build.0 = Debug|Any CPU
		{EF2D9D76-C230-4880-8B6A-2286F48D868A}.Debug|x64.ActiveCfg = Debug|Any CPU
		{EF2D9D76-C230-4880-8B6A-2286F48D868A}.Debug|x64.Build.0 = Debug|Any CPU
		{EF2D9D76-C230-4880-8B6A-2286F48D868A}.Release|Any CPU.ActiveCfg = Release|Any CPU
		{EF2D9D76-C230-4880-8B6A-2286F48D868A}.Release|Any CPU.Build.0 = Release|Any CPU
		{EF2D9D76-C230-4880-8B6A-2286F48D868A}.Release|x64.ActiveCfg = Release|Any CPU
		{EF2D9D76-C230-4880-8B6A-2286F48D868A}.Release|x64.Build.0 = Release|Any CPU
		{A91475F7-6CF0-4564-A585-071D95CDC3A1}.Debug|Any CPU.ActiveCfg = Debug|Any CPU
		{A91475F7-6CF0-4564-A585-071D95CDC3A1}.Debug|Any CPU.Build.0 = Debug|Any CPU
		{A91475F7-6CF0-4564-A585-071D95CDC3A1}.Debug|x64.ActiveCfg = Debug|Any CPU
		{A91475F7-6CF0-4564-A585-071D95CDC3A1}.Debug|x64.Build.0 = Debug|Any CPU
		{A91475F7-6CF0-4564-A585-071D95CDC3A1}.Release|Any CPU.ActiveCfg = Release|Any CPU
		{A91475F7-6CF0-4564-A585-071D95CDC3A1}.Release|Any CPU.Build.0 = Release|Any CPU
		{A91475F7-6CF0-4564-A585-071D95CDC3A1}.Release|x64.ActiveCfg = Release|Any CPU
		{A91475F7-6CF0-4564-A585-071D95CDC3A1}.Release|x64.Build.0 = Release|Any CPU
		{46E9889F-7355-433A-98D8-972D8D90C6D0}.Debug|Any CPU.ActiveCfg = Debug|Any CPU
		{46E9889F-7355-433A-98D8-972D8D90C6D0}.Debug|Any CPU.Build.0 = Debug|Any CPU
		{46E9889F-7355-433A-98D8-972D8D90C6D0}.Debug|x64.ActiveCfg = Debug|Any CPU
		{46E9889F-7355-433A-98D8-972D8D90C6D0}.Debug|x64.Build.0 = Debug|Any CPU
		{46E9889F-7355-433A-98D8-972D8D90C6D0}.Release|Any CPU.ActiveCfg = Release|Any CPU
		{46E9889F-7355-433A-98D8-972D8D90C6D0}.Release|Any CPU.Build.0 = Release|Any CPU
		{46E9889F-7355-433A-98D8-972D8D90C6D0}.Release|x64.ActiveCfg = Release|Any CPU
		{46E9889F-7355-433A-98D8-972D8D90C6D0}.Release|x64.Build.0 = Release|Any CPU
		{A1DE5B8D-25D2-4E57-B18D-5E64D879BE7E}.Debug|Any CPU.ActiveCfg = Debug|Any CPU
		{A1DE5B8D-25D2-4E57-B18D-5E64D879BE7E}.Debug|Any CPU.Build.0 = Debug|Any CPU
		{A1DE5B8D-25D2-4E57-B18D-5E64D879BE7E}.Debug|x64.ActiveCfg = Debug|Any CPU
		{A1DE5B8D-25D2-4E57-B18D-5E64D879BE7E}.Debug|x64.Build.0 = Debug|Any CPU
		{A1DE5B8D-25D2-4E57-B18D-5E64D879BE7E}.Release|Any CPU.ActiveCfg = Release|Any CPU
		{A1DE5B8D-25D2-4E57-B18D-5E64D879BE7E}.Release|Any CPU.Build.0 = Release|Any CPU
		{A1DE5B8D-25D2-4E57-B18D-5E64D879BE7E}.Release|x64.ActiveCfg = Release|Any CPU
		{A1DE5B8D-25D2-4E57-B18D-5E64D879BE7E}.Release|x64.Build.0 = Release|Any CPU
		{A19FDE35-C2BB-4326-BA29-C77975FAD4A9}.Debug|Any CPU.ActiveCfg = Debug|Any CPU
		{A19FDE35-C2BB-4326-BA29-C77975FAD4A9}.Debug|Any CPU.Build.0 = Debug|Any CPU
		{A19FDE35-C2BB-4326-BA29-C77975FAD4A9}.Debug|x64.ActiveCfg = Debug|Any CPU
		{A19FDE35-C2BB-4326-BA29-C77975FAD4A9}.Debug|x64.Build.0 = Debug|Any CPU
		{A19FDE35-C2BB-4326-BA29-C77975FAD4A9}.Release|Any CPU.ActiveCfg = Release|Any CPU
		{A19FDE35-C2BB-4326-BA29-C77975FAD4A9}.Release|Any CPU.Build.0 = Release|Any CPU
		{A19FDE35-C2BB-4326-BA29-C77975FAD4A9}.Release|x64.ActiveCfg = Release|Any CPU
		{A19FDE35-C2BB-4326-BA29-C77975FAD4A9}.Release|x64.Build.0 = Release|Any CPU
		{31D7E62F-532B-4FAF-87A9-C1BB63AF222A}.Debug|Any CPU.ActiveCfg = Debug|Any CPU
		{31D7E62F-532B-4FAF-87A9-C1BB63AF222A}.Debug|Any CPU.Build.0 = Debug|Any CPU
		{31D7E62F-532B-4FAF-87A9-C1BB63AF222A}.Debug|x64.ActiveCfg = Debug|Any CPU
		{31D7E62F-532B-4FAF-87A9-C1BB63AF222A}.Debug|x64.Build.0 = Debug|Any CPU
		{31D7E62F-532B-4FAF-87A9-C1BB63AF222A}.Release|Any CPU.ActiveCfg = Release|Any CPU
		{31D7E62F-532B-4FAF-87A9-C1BB63AF222A}.Release|Any CPU.Build.0 = Release|Any CPU
		{31D7E62F-532B-4FAF-87A9-C1BB63AF222A}.Release|x64.ActiveCfg = Release|Any CPU
		{31D7E62F-532B-4FAF-87A9-C1BB63AF222A}.Release|x64.Build.0 = Release|Any CPU
		{84B920E2-A501-457D-8F1A-9CC7AF8B5F2D}.Debug|Any CPU.ActiveCfg = Debug|Any CPU
		{84B920E2-A501-457D-8F1A-9CC7AF8B5F2D}.Debug|Any CPU.Build.0 = Debug|Any CPU
		{84B920E2-A501-457D-8F1A-9CC7AF8B5F2D}.Debug|x64.ActiveCfg = Debug|Any CPU
		{84B920E2-A501-457D-8F1A-9CC7AF8B5F2D}.Debug|x64.Build.0 = Debug|Any CPU
		{84B920E2-A501-457D-8F1A-9CC7AF8B5F2D}.Release|Any CPU.ActiveCfg = Release|Any CPU
		{84B920E2-A501-457D-8F1A-9CC7AF8B5F2D}.Release|Any CPU.Build.0 = Release|Any CPU
		{84B920E2-A501-457D-8F1A-9CC7AF8B5F2D}.Release|x64.ActiveCfg = Release|Any CPU
		{84B920E2-A501-457D-8F1A-9CC7AF8B5F2D}.Release|x64.Build.0 = Release|Any CPU
		{EB5663B9-31BA-4930-A302-4B87B8DEB74A}.Debug|Any CPU.ActiveCfg = Debug|Any CPU
		{EB5663B9-31BA-4930-A302-4B87B8DEB74A}.Debug|Any CPU.Build.0 = Debug|Any CPU
		{EB5663B9-31BA-4930-A302-4B87B8DEB74A}.Debug|x64.ActiveCfg = Debug|Any CPU
		{EB5663B9-31BA-4930-A302-4B87B8DEB74A}.Debug|x64.Build.0 = Debug|Any CPU
		{EB5663B9-31BA-4930-A302-4B87B8DEB74A}.Release|Any CPU.ActiveCfg = Release|Any CPU
		{EB5663B9-31BA-4930-A302-4B87B8DEB74A}.Release|Any CPU.Build.0 = Release|Any CPU
		{EB5663B9-31BA-4930-A302-4B87B8DEB74A}.Release|x64.ActiveCfg = Release|Any CPU
		{EB5663B9-31BA-4930-A302-4B87B8DEB74A}.Release|x64.Build.0 = Release|Any CPU
		{AA34BE13-7193-4036-A886-A7EE6CD36940}.Debug|Any CPU.ActiveCfg = Debug|Any CPU
		{AA34BE13-7193-4036-A886-A7EE6CD36940}.Debug|Any CPU.Build.0 = Debug|Any CPU
		{AA34BE13-7193-4036-A886-A7EE6CD36940}.Debug|x64.ActiveCfg = Debug|Any CPU
		{AA34BE13-7193-4036-A886-A7EE6CD36940}.Debug|x64.Build.0 = Debug|Any CPU
		{AA34BE13-7193-4036-A886-A7EE6CD36940}.Release|Any CPU.ActiveCfg = Release|Any CPU
		{AA34BE13-7193-4036-A886-A7EE6CD36940}.Release|Any CPU.Build.0 = Release|Any CPU
		{AA34BE13-7193-4036-A886-A7EE6CD36940}.Release|x64.ActiveCfg = Release|Any CPU
		{AA34BE13-7193-4036-A886-A7EE6CD36940}.Release|x64.Build.0 = Release|Any CPU
	EndGlobalSection
	GlobalSection(SolutionProperties) = preSolution
		HideSolutionNode = FALSE
	EndGlobalSection
	GlobalSection(NestedProjects) = preSolution
		{568EF8AE-7624-490D-A19F-C25D076FF091} = {6CBE18D4-64E9-492B-BB02-58CD57126C10}
		{3B188E4C-C926-4BED-94F3-0E83668FBAB0} = {0631147E-34BB-456D-B214-5B202C516D5C}
		{11D098B2-7116-4F37-817A-E496B8F15C76} = {149C61A2-D9F8-49B9-9F9B-3C953FEF53AA}
		{7F6D4710-07D1-49D0-8EAE-675A3A9B50E3} = {BC344A50-8F81-4762-9F4B-12714693144B}
		{354F2755-A090-4735-A657-726FB6DA92CD} = {149C61A2-D9F8-49B9-9F9B-3C953FEF53AA}
		{31089146-71DA-45C2-ACA6-EA1E2C916FD0} = {0631147E-34BB-456D-B214-5B202C516D5C}
		{F2547357-FB2F-4944-842F-D33D1E7A17FC} = {149C61A2-D9F8-49B9-9F9B-3C953FEF53AA}
		{D6B72704-603C-4C6F-8DFA-BB820B1C6CC0} = {149C61A2-D9F8-49B9-9F9B-3C953FEF53AA}
		{D7D077C7-CE13-42C3-A26A-DE5F940CBF3D} = {6CBE18D4-64E9-492B-BB02-58CD57126C10}
		{A6F5DAB3-C9B6-402D-A637-131D56D3AD5E} = {0631147E-34BB-456D-B214-5B202C516D5C}
		{FC33B6BC-E328-45CD-8589-AF3A5D9450EE} = {0631147E-34BB-456D-B214-5B202C516D5C}
		{46DC2693-5E60-48B4-AC15-329692E2A252} = {149C61A2-D9F8-49B9-9F9B-3C953FEF53AA}
		{9EE0CBFE-54E0-4189-AF30-BE0BE3185D2A} = {6CBE18D4-64E9-492B-BB02-58CD57126C10}
		{8C5F5323-4317-4A83-BB10-784FAAF7C9EB} = {CDB73246-0A7E-4116-81E0-828228ECADDD}
		{9931B4F1-FBE9-4F7D-A5AB-CCE92F340ED2} = {CDB73246-0A7E-4116-81E0-828228ECADDD}
		{9E3466B8-7263-4ADF-85D8-2412F73F64E1} = {CDB73246-0A7E-4116-81E0-828228ECADDD}
		{41C5ED9C-E700-4270-ABAB-2159DD02EF61} = {149C61A2-D9F8-49B9-9F9B-3C953FEF53AA}
		{07C042A4-2E76-49BE-8AAF-5904470BEC69} = {CDB73246-0A7E-4116-81E0-828228ECADDD}
		{FA62D919-758B-4A84-8F70-393A47A077B3} = {149C61A2-D9F8-49B9-9F9B-3C953FEF53AA}
		{AD5C2956-760C-4A3F-9894-C1590BEB8D54} = {149C61A2-D9F8-49B9-9F9B-3C953FEF53AA}
		{AE06F9BE-0B8D-4D02-9DC6-FE5A41FA4B5D} = {CDB73246-0A7E-4116-81E0-828228ECADDD}
		{6FE9874A-87B9-42C6-B19C-065A97CC6360} = {CDB73246-0A7E-4116-81E0-828228ECADDD}
		{5C8E9658-39DA-4C27-A939-68F94B62110B} = {6CBE18D4-64E9-492B-BB02-58CD57126C10}
		{4188D742-AC87-4CF4-86A0-3AB7AF034764} = {6CBE18D4-64E9-492B-BB02-58CD57126C10}
		{3A8C7CF8-1F32-474E-B68A-B548A3384BB4} = {6CBE18D4-64E9-492B-BB02-58CD57126C10}
		{E96BB4D7-EECC-4A78-BC7D-E167663FD6F2} = {3A8C7CF8-1F32-474E-B68A-B548A3384BB4}
		{EC716F93-C710-4D0E-BEB2-EB29BBD5F426} = {E96BB4D7-EECC-4A78-BC7D-E167663FD6F2}
		{E6A1D5FD-F7E2-4683-9384-F30A1981953C} = {E96BB4D7-EECC-4A78-BC7D-E167663FD6F2}
		{85EE0BDC-6962-448A-B317-041441513124} = {E96BB4D7-EECC-4A78-BC7D-E167663FD6F2}
		{B7BAB851-42BA-474A-9F48-ED74F88B610D} = {E96BB4D7-EECC-4A78-BC7D-E167663FD6F2}
		{EF2D9D76-C230-4880-8B6A-2286F48D868A} = {E96BB4D7-EECC-4A78-BC7D-E167663FD6F2}
		{A91475F7-6CF0-4564-A585-071D95CDC3A1} = {E96BB4D7-EECC-4A78-BC7D-E167663FD6F2}
		{46E9889F-7355-433A-98D8-972D8D90C6D0} = {0631147E-34BB-456D-B214-5B202C516D5C}
		{A1DE5B8D-25D2-4E57-B18D-5E64D879BE7E} = {149C61A2-D9F8-49B9-9F9B-3C953FEF53AA}
		{A19FDE35-C2BB-4326-BA29-C77975FAD4A9} = {149C61A2-D9F8-49B9-9F9B-3C953FEF53AA}
		{31D7E62F-532B-4FAF-87A9-C1BB63AF222A} = {149C61A2-D9F8-49B9-9F9B-3C953FEF53AA}
		{0B4635FC-8B63-4408-8077-F1CFDA5AB6D7} = {149C61A2-D9F8-49B9-9F9B-3C953FEF53AA}
		{32B6B967-6EAF-42A1-9FD6-A59F752FF76B} = {0B4635FC-8B63-4408-8077-F1CFDA5AB6D7}
		{04E87669-7E7B-4217-83A4-EF80B534D14B} = {0B4635FC-8B63-4408-8077-F1CFDA5AB6D7}
		{84B920E2-A501-457D-8F1A-9CC7AF8B5F2D} = {04E87669-7E7B-4217-83A4-EF80B534D14B}
		{EB5663B9-31BA-4930-A302-4B87B8DEB74A} = {32B6B967-6EAF-42A1-9FD6-A59F752FF76B}
		{AA34BE13-7193-4036-A886-A7EE6CD36940} = {149C61A2-D9F8-49B9-9F9B-3C953FEF53AA}
	EndGlobalSection
	GlobalSection(ExtensibilityGlobals) = postSolution
		SolutionGuid = {31F6924A-E427-4830-96E9-B47CEB7BFE78}
	EndGlobalSection
EndGlobal
