
Microsoft Visual Studio Solution File, Format Version 12.00
# Visual Studio Version 16
VisualStudioVersion = 16.0.29519.161
MinimumVisualStudioVersion = 10.0.40219.1
Project("{2150E333-8FDC-42A3-9474-1A3956D46DE8}") = "Solution Items", "Solution Items", "{3E275568-3767-43AC-B51B-FA75C0B5CE91}"
	ProjectSection(SolutionItems) = preProject
		.editorconfig = .editorconfig
		global.json = global.json
		NuGet.config = NuGet.config
	EndProjectSection
EndProject
Project("{9A19103F-16F7-4668-BE54-9A1E7A4F7556}") = "Microsoft.ReverseProxy", "src\ReverseProxy\Microsoft.ReverseProxy.csproj", "{568EF8AE-7624-490D-A19F-C25D076FF091}"
EndProject
Project("{9A19103F-16F7-4668-BE54-9A1E7A4F7556}") = "Microsoft.ReverseProxy.Tests", "test\ReverseProxy.Tests\Microsoft.ReverseProxy.Tests.csproj", "{3B188E4C-C926-4BED-94F3-0E83668FBAB0}"
EndProject
Project("{9A19103F-16F7-4668-BE54-9A1E7A4F7556}") = "ReverseProxy.Sample", "samples\ReverseProxy.Sample\ReverseProxy.Sample.csproj", "{8ECD71FA-3E74-4F4E-AE5D-0C4681F8A7B7}"
EndProject
Project("{9A19103F-16F7-4668-BE54-9A1E7A4F7556}") = "SampleClient", "samples\SampleClient\SampleClient.csproj", "{D294FD0A-CF8E-4DB2-B722-08577DB890D2}"
EndProject
Project("{9A19103F-16F7-4668-BE54-9A1E7A4F7556}") = "SampleServer", "samples\SampleServer\SampleServer.csproj", "{11D098B2-7116-4F37-817A-E496B8F15C76}"
EndProject
Project("{2150E333-8FDC-42A3-9474-1A3956D46DE8}") = "samples", "samples", "{149C61A2-D9F8-49B9-9F9B-3C953FEF53AA}"
EndProject
Project("{2150E333-8FDC-42A3-9474-1A3956D46DE8}") = "test", "test", "{0631147E-34BB-456D-B214-5B202C516D5C}"
EndProject
Project("{2150E333-8FDC-42A3-9474-1A3956D46DE8}") = "src", "src", "{6CBE18D4-64E9-492B-BB02-58CD57126C10}"
EndProject
Project("{2150E333-8FDC-42A3-9474-1A3956D46DE8}") = "docs", "docs", "{BC344A50-8F81-4762-9F4B-12714693144B}"
EndProject
Project("{9A19103F-16F7-4668-BE54-9A1E7A4F7556}") = "docfx", "docs\docfx\docfx.csproj", "{7F6D4710-07D1-49D0-8EAE-675A3A9B50E3}"
EndProject
Project("{9A19103F-16F7-4668-BE54-9A1E7A4F7556}") = "BenchmarkApp", "samples\BenchmarkApp\BenchmarkApp.csproj", "{F663FD56-C01D-4FA7-96A4-B1217ED95E3C}"
EndProject
Project("{9A19103F-16F7-4668-BE54-9A1E7A4F7556}") = "ReverseProxy.Auth.Sample", "samples\ReverseProxy.Auth.Sample\ReverseProxy.Auth.Sample.csproj", "{354F2755-A090-4735-A657-726FB6DA92CD}"
EndProject
Global
	GlobalSection(SolutionConfigurationPlatforms) = preSolution
		Debug|Any CPU = Debug|Any CPU
		Debug|x64 = Debug|x64
		Release|Any CPU = Release|Any CPU
		Release|x64 = Release|x64
	EndGlobalSection
	GlobalSection(ProjectConfigurationPlatforms) = postSolution
		{568EF8AE-7624-490D-A19F-C25D076FF091}.Debug|Any CPU.ActiveCfg = Debug|Any CPU
		{568EF8AE-7624-490D-A19F-C25D076FF091}.Debug|Any CPU.Build.0 = Debug|Any CPU
		{568EF8AE-7624-490D-A19F-C25D076FF091}.Debug|x64.ActiveCfg = Debug|Any CPU
		{568EF8AE-7624-490D-A19F-C25D076FF091}.Debug|x64.Build.0 = Debug|Any CPU
		{568EF8AE-7624-490D-A19F-C25D076FF091}.Release|Any CPU.ActiveCfg = Release|Any CPU
		{568EF8AE-7624-490D-A19F-C25D076FF091}.Release|Any CPU.Build.0 = Release|Any CPU
		{568EF8AE-7624-490D-A19F-C25D076FF091}.Release|x64.ActiveCfg = Release|Any CPU
		{568EF8AE-7624-490D-A19F-C25D076FF091}.Release|x64.Build.0 = Release|Any CPU
		{3B188E4C-C926-4BED-94F3-0E83668FBAB0}.Debug|Any CPU.ActiveCfg = Debug|Any CPU
		{3B188E4C-C926-4BED-94F3-0E83668FBAB0}.Debug|Any CPU.Build.0 = Debug|Any CPU
		{3B188E4C-C926-4BED-94F3-0E83668FBAB0}.Debug|x64.ActiveCfg = Debug|Any CPU
		{3B188E4C-C926-4BED-94F3-0E83668FBAB0}.Debug|x64.Build.0 = Debug|Any CPU
		{3B188E4C-C926-4BED-94F3-0E83668FBAB0}.Release|Any CPU.ActiveCfg = Release|Any CPU
		{3B188E4C-C926-4BED-94F3-0E83668FBAB0}.Release|Any CPU.Build.0 = Release|Any CPU
		{3B188E4C-C926-4BED-94F3-0E83668FBAB0}.Release|x64.ActiveCfg = Release|Any CPU
		{3B188E4C-C926-4BED-94F3-0E83668FBAB0}.Release|x64.Build.0 = Release|Any CPU
		{8ECD71FA-3E74-4F4E-AE5D-0C4681F8A7B7}.Debug|Any CPU.ActiveCfg = Debug|Any CPU
		{8ECD71FA-3E74-4F4E-AE5D-0C4681F8A7B7}.Debug|Any CPU.Build.0 = Debug|Any CPU
		{8ECD71FA-3E74-4F4E-AE5D-0C4681F8A7B7}.Debug|x64.ActiveCfg = Debug|Any CPU
		{8ECD71FA-3E74-4F4E-AE5D-0C4681F8A7B7}.Debug|x64.Build.0 = Debug|Any CPU
		{8ECD71FA-3E74-4F4E-AE5D-0C4681F8A7B7}.Release|Any CPU.ActiveCfg = Release|Any CPU
		{8ECD71FA-3E74-4F4E-AE5D-0C4681F8A7B7}.Release|Any CPU.Build.0 = Release|Any CPU
		{8ECD71FA-3E74-4F4E-AE5D-0C4681F8A7B7}.Release|x64.ActiveCfg = Release|Any CPU
		{8ECD71FA-3E74-4F4E-AE5D-0C4681F8A7B7}.Release|x64.Build.0 = Release|Any CPU
		{D294FD0A-CF8E-4DB2-B722-08577DB890D2}.Debug|Any CPU.ActiveCfg = Debug|Any CPU
		{D294FD0A-CF8E-4DB2-B722-08577DB890D2}.Debug|Any CPU.Build.0 = Debug|Any CPU
		{D294FD0A-CF8E-4DB2-B722-08577DB890D2}.Debug|x64.ActiveCfg = Debug|Any CPU
		{D294FD0A-CF8E-4DB2-B722-08577DB890D2}.Debug|x64.Build.0 = Debug|Any CPU
		{D294FD0A-CF8E-4DB2-B722-08577DB890D2}.Release|Any CPU.ActiveCfg = Release|Any CPU
		{D294FD0A-CF8E-4DB2-B722-08577DB890D2}.Release|Any CPU.Build.0 = Release|Any CPU
		{D294FD0A-CF8E-4DB2-B722-08577DB890D2}.Release|x64.ActiveCfg = Release|Any CPU
		{D294FD0A-CF8E-4DB2-B722-08577DB890D2}.Release|x64.Build.0 = Release|Any CPU
		{11D098B2-7116-4F37-817A-E496B8F15C76}.Debug|Any CPU.ActiveCfg = Debug|Any CPU
		{11D098B2-7116-4F37-817A-E496B8F15C76}.Debug|Any CPU.Build.0 = Debug|Any CPU
		{11D098B2-7116-4F37-817A-E496B8F15C76}.Debug|x64.ActiveCfg = Debug|Any CPU
		{11D098B2-7116-4F37-817A-E496B8F15C76}.Debug|x64.Build.0 = Debug|Any CPU
		{11D098B2-7116-4F37-817A-E496B8F15C76}.Release|Any CPU.ActiveCfg = Release|Any CPU
		{11D098B2-7116-4F37-817A-E496B8F15C76}.Release|Any CPU.Build.0 = Release|Any CPU
		{11D098B2-7116-4F37-817A-E496B8F15C76}.Release|x64.ActiveCfg = Release|Any CPU
		{11D098B2-7116-4F37-817A-E496B8F15C76}.Release|x64.Build.0 = Release|Any CPU
		{7F6D4710-07D1-49D0-8EAE-675A3A9B50E3}.Debug|Any CPU.ActiveCfg = Debug|Any CPU
		{7F6D4710-07D1-49D0-8EAE-675A3A9B50E3}.Debug|Any CPU.Build.0 = Debug|Any CPU
		{7F6D4710-07D1-49D0-8EAE-675A3A9B50E3}.Debug|x64.ActiveCfg = Debug|Any CPU
		{7F6D4710-07D1-49D0-8EAE-675A3A9B50E3}.Debug|x64.Build.0 = Debug|Any CPU
		{7F6D4710-07D1-49D0-8EAE-675A3A9B50E3}.Release|Any CPU.ActiveCfg = Release|Any CPU
		{7F6D4710-07D1-49D0-8EAE-675A3A9B50E3}.Release|Any CPU.Build.0 = Release|Any CPU
		{7F6D4710-07D1-49D0-8EAE-675A3A9B50E3}.Release|x64.ActiveCfg = Release|Any CPU
		{7F6D4710-07D1-49D0-8EAE-675A3A9B50E3}.Release|x64.Build.0 = Release|Any CPU
		{F663FD56-C01D-4FA7-96A4-B1217ED95E3C}.Debug|Any CPU.ActiveCfg = Debug|Any CPU
		{F663FD56-C01D-4FA7-96A4-B1217ED95E3C}.Debug|Any CPU.Build.0 = Debug|Any CPU
		{F663FD56-C01D-4FA7-96A4-B1217ED95E3C}.Debug|x64.ActiveCfg = Debug|Any CPU
		{F663FD56-C01D-4FA7-96A4-B1217ED95E3C}.Debug|x64.Build.0 = Debug|Any CPU
		{F663FD56-C01D-4FA7-96A4-B1217ED95E3C}.Release|Any CPU.ActiveCfg = Release|Any CPU
		{F663FD56-C01D-4FA7-96A4-B1217ED95E3C}.Release|Any CPU.Build.0 = Release|Any CPU
		{F663FD56-C01D-4FA7-96A4-B1217ED95E3C}.Release|x64.ActiveCfg = Release|Any CPU
		{F663FD56-C01D-4FA7-96A4-B1217ED95E3C}.Release|x64.Build.0 = Release|Any CPU
		{354F2755-A090-4735-A657-726FB6DA92CD}.Debug|Any CPU.ActiveCfg = Debug|Any CPU
		{354F2755-A090-4735-A657-726FB6DA92CD}.Debug|Any CPU.Build.0 = Debug|Any CPU
		{354F2755-A090-4735-A657-726FB6DA92CD}.Debug|x64.ActiveCfg = Debug|Any CPU
		{354F2755-A090-4735-A657-726FB6DA92CD}.Debug|x64.Build.0 = Debug|Any CPU
		{354F2755-A090-4735-A657-726FB6DA92CD}.Release|Any CPU.ActiveCfg = Release|Any CPU
		{354F2755-A090-4735-A657-726FB6DA92CD}.Release|Any CPU.Build.0 = Release|Any CPU
		{354F2755-A090-4735-A657-726FB6DA92CD}.Release|x64.ActiveCfg = Release|Any CPU
		{354F2755-A090-4735-A657-726FB6DA92CD}.Release|x64.Build.0 = Release|Any CPU
	EndGlobalSection
	GlobalSection(SolutionProperties) = preSolution
		HideSolutionNode = FALSE
	EndGlobalSection
	GlobalSection(NestedProjects) = preSolution
		{568EF8AE-7624-490D-A19F-C25D076FF091} = {6CBE18D4-64E9-492B-BB02-58CD57126C10}
		{3B188E4C-C926-4BED-94F3-0E83668FBAB0} = {0631147E-34BB-456D-B214-5B202C516D5C}
		{8ECD71FA-3E74-4F4E-AE5D-0C4681F8A7B7} = {149C61A2-D9F8-49B9-9F9B-3C953FEF53AA}
		{D294FD0A-CF8E-4DB2-B722-08577DB890D2} = {149C61A2-D9F8-49B9-9F9B-3C953FEF53AA}
		{11D098B2-7116-4F37-817A-E496B8F15C76} = {149C61A2-D9F8-49B9-9F9B-3C953FEF53AA}
		{7F6D4710-07D1-49D0-8EAE-675A3A9B50E3} = {BC344A50-8F81-4762-9F4B-12714693144B}
		{F663FD56-C01D-4FA7-96A4-B1217ED95E3C} = {149C61A2-D9F8-49B9-9F9B-3C953FEF53AA}
		{354F2755-A090-4735-A657-726FB6DA92CD} = {149C61A2-D9F8-49B9-9F9B-3C953FEF53AA}
	EndGlobalSection
	GlobalSection(ExtensibilityGlobals) = postSolution
		SolutionGuid = {31F6924A-E427-4830-96E9-B47CEB7BFE78}
	EndGlobalSection
EndGlobal
