
Microsoft Visual Studio Solution File, Format Version 12.00
# Visual Studio Version 16
VisualStudioVersion = 16.0.31208.21
MinimumVisualStudioVersion = 10.0.40219.1
Project("{9A19103F-16F7-4668-BE54-9A1E7A4F7556}") = "ReverseProxy.Metrics-Promethius.Sample", "ReverseProxy.Metrics-Promethius.Sample\ReverseProxy.Metrics-Promethius.Sample.csproj", "{BFBDF6A4-104A-40BC-ABA1-A603061DFB3D}"
EndProject
Project("{9A19103F-16F7-4668-BE54-9A1E7A4F7556}") = "HttpLoadApp", "HttpLoadApp\HttpLoadApp.csproj", "{1EC3A86A-D280-428A-B7A9-417946C487E2}"
EndProject
Global
	GlobalSection(SolutionConfigurationPlatforms) = preSolution
		Debug|Any CPU = Debug|Any CPU
		Release|Any CPU = Release|Any CPU
	EndGlobalSection
	GlobalSection(ProjectConfigurationPlatforms) = postSolution
		{BFBDF6A4-104A-40BC-ABA1-A603061DFB3D}.Debug|Any CPU.ActiveCfg = Debug|Any CPU
		{BFBDF6A4-104A-40BC-ABA1-A603061DFB3D}.Debug|Any CPU.Build.0 = Debug|Any CPU
		{BFBDF6A4-104A-40BC-ABA1-A603061DFB3D}.Release|Any CPU.ActiveCfg = Release|Any CPU
		{BFBDF6A4-104A-40BC-ABA1-A603061DFB3D}.Release|Any CPU.Build.0 = Release|Any CPU
		{1EC3A86A-D280-428A-B7A9-417946C487E2}.Debug|Any CPU.ActiveCfg = Debug|Any CPU
		{1EC3A86A-D280-428A-B7A9-417946C487E2}.Debug|Any CPU.Build.0 = Debug|Any CPU
		{1EC3A86A-D280-428A-B7A9-417946C487E2}.Release|Any CPU.ActiveCfg = Release|Any CPU
		{1EC3A86A-D280-428A-B7A9-417946C487E2}.Release|Any CPU.Build.0 = Release|Any CPU
	EndGlobalSection
	GlobalSection(SolutionProperties) = preSolution
		HideSolutionNode = FALSE
	EndGlobalSection
	GlobalSection(ExtensibilityGlobals) = postSolution
		SolutionGuid = {EE51248F-1B27-48BA-B9AF-1A0A84ED78C4}
	EndGlobalSection
EndGlobal
