
Microsoft Visual Studio Solution File, Format Version 12.00
# Visual Studio Version 16
VisualStudioVersion = 16.0.29318.209
MinimumVisualStudioVersion = 15.0.26124.0
Project("{2150E333-8FDC-42A3-9474-1A3956D46DE8}") = "src", "src", "{9C7D0AC2-A508-4780-80BD-34D7E6A755B3}"
EndProject
Project("{9A19103F-16F7-4668-BE54-9A1E7A4F7556}") = "Microsoft.Kubernetes.Core", "src\Core\Microsoft.Kubernetes.Core.csproj", "{F455261F-C8FC-4F74-9955-9602D90CC1A8}"
EndProject
Project("{9A19103F-16F7-4668-BE54-9A1E7A4F7556}") = "Microsoft.Kubernetes.Controller", "src\Controller\Microsoft.Kubernetes.Controller.csproj", "{AAE6C890-0771-47D7-9D06-40D4527EDBCF}"
EndProject
Project("{9A19103F-16F7-4668-BE54-9A1E7A4F7556}") = "Microsoft.Kubernetes.Operator", "src\Operator\Microsoft.Kubernetes.Operator.csproj", "{FBE38E24-F77C-4EA0-AEA0-7D8A4F6B3910}"
EndProject
Project("{9A19103F-16F7-4668-BE54-9A1E7A4F7556}") = "Microsoft.Kubernetes.Testing", "src\Testing\Microsoft.Kubernetes.Testing.csproj", "{8378B26A-2D48-4AB0-820B-ABCB0D380D0B}"
EndProject
Project("{2150E333-8FDC-42A3-9474-1A3956D46DE8}") = "test", "test", "{47D58E79-22F9-41E4-AF6B-D29B5CE804D2}"
EndProject
Project("{2150E333-8FDC-42A3-9474-1A3956D46DE8}") = ".repo", ".repo", "{D95FB389-45A8-4334-B504-C25ACAFDE866}"
	ProjectSection(SolutionItems) = preProject
		.editorconfig = .editorconfig
		.gitignore = .gitignore
		Directory.Build.props = Directory.Build.props
		.github\workflows\dotnet-core.yml = .github\workflows\dotnet-core.yml
		README.md = README.md
	EndProjectSection
EndProject
Project("{9A19103F-16F7-4668-BE54-9A1E7A4F7556}") = "Microsoft.Kubernetes.UnitTests", "test\UnitTests\Microsoft.Kubernetes.UnitTests.csproj", "{713E16A6-07A4-4A78-BC25-621F882D21CB}"
EndProject
Project("{2150E333-8FDC-42A3-9474-1A3956D46DE8}") = "examples", "examples", "{D360F40A-0ECD-40EF-94E1-772DDFF3A392}"
EndProject
Project("{9A19103F-16F7-4668-BE54-9A1E7A4F7556}") = "PodStatusConditions", "examples\PodStatusConditions\PodStatusConditions.csproj", "{06880809-30B1-48DB-BB99-DE613FFABE00}"
EndProject
Project("{9A19103F-16F7-4668-BE54-9A1E7A4F7556}") = "Microsoft.Kubernetes.CustomResources", "src\CustomResource\Microsoft.Kubernetes.CustomResources.csproj", "{531586B5-8352-4E9E-A489-DB243C2E3B96}"
EndProject
Project("{9A19103F-16F7-4668-BE54-9A1E7A4F7556}") = "UsingCustomResources", "examples\UsingCustomResources\UsingCustomResources.csproj", "{C86B939A-0266-4535-8CF9-21A35429D7E3}"
EndProject
Project("{9A19103F-16F7-4668-BE54-9A1E7A4F7556}") = "Microsoft.Kubernetes.ResourceKinds.OpenApi", "src\ResourceKinds.OpenApi\Microsoft.Kubernetes.ResourceKinds.OpenApi.csproj", "{6F28CA95-71B0-4DA3-B207-1EAAA0F09009}"
EndProject
Project("{FAE04EC0-301F-11D3-BF4B-00C04F79EFBC}") = "BasicOperator", "examples\BasicOperator\BasicOperator.csproj", "{255566E4-5C53-425A-8BE7-D099EDF05868}"
EndProject
Project("{FAE04EC0-301F-11D3-BF4B-00C04F79EFBC}") = "IngressController", "examples\IngressController\IngressController.csproj", "{217D47C7-1C99-4F64-BCA5-56C2BD813DB9}"
EndProject
Project("{FAE04EC0-301F-11D3-BF4B-00C04F79EFBC}") = "Ingress", "examples\Ingress\Ingress.csproj", "{DFBB6C03-1EC3-4346-A13A-8ED69B53D16C}"
EndProject
Project("{FAE04EC0-301F-11D3-BF4B-00C04F79EFBC}") = "WatchingServicesProtocol", "examples\WatchingServicesProtocol\WatchingServicesProtocol.csproj", "{90C63F55-FEEE-4A17-A2F9-B5E6ACE2CA08}"
EndProject
Global
	GlobalSection(SolutionConfigurationPlatforms) = preSolution
		Debug|Any CPU = Debug|Any CPU
		Debug|x64 = Debug|x64
		Debug|x86 = Debug|x86
		Release|Any CPU = Release|Any CPU
		Release|x64 = Release|x64
		Release|x86 = Release|x86
	EndGlobalSection
	GlobalSection(ProjectConfigurationPlatforms) = postSolution
		{F455261F-C8FC-4F74-9955-9602D90CC1A8}.Debug|Any CPU.ActiveCfg = Debug|Any CPU
		{F455261F-C8FC-4F74-9955-9602D90CC1A8}.Debug|Any CPU.Build.0 = Debug|Any CPU
		{F455261F-C8FC-4F74-9955-9602D90CC1A8}.Debug|x64.ActiveCfg = Debug|Any CPU
		{F455261F-C8FC-4F74-9955-9602D90CC1A8}.Debug|x64.Build.0 = Debug|Any CPU
		{F455261F-C8FC-4F74-9955-9602D90CC1A8}.Debug|x86.ActiveCfg = Debug|Any CPU
		{F455261F-C8FC-4F74-9955-9602D90CC1A8}.Debug|x86.Build.0 = Debug|Any CPU
		{F455261F-C8FC-4F74-9955-9602D90CC1A8}.Release|Any CPU.ActiveCfg = Release|Any CPU
		{F455261F-C8FC-4F74-9955-9602D90CC1A8}.Release|Any CPU.Build.0 = Release|Any CPU
		{F455261F-C8FC-4F74-9955-9602D90CC1A8}.Release|x64.ActiveCfg = Release|Any CPU
		{F455261F-C8FC-4F74-9955-9602D90CC1A8}.Release|x64.Build.0 = Release|Any CPU
		{F455261F-C8FC-4F74-9955-9602D90CC1A8}.Release|x86.ActiveCfg = Release|Any CPU
		{F455261F-C8FC-4F74-9955-9602D90CC1A8}.Release|x86.Build.0 = Release|Any CPU
		{AAE6C890-0771-47D7-9D06-40D4527EDBCF}.Debug|Any CPU.ActiveCfg = Debug|Any CPU
		{AAE6C890-0771-47D7-9D06-40D4527EDBCF}.Debug|Any CPU.Build.0 = Debug|Any CPU
		{AAE6C890-0771-47D7-9D06-40D4527EDBCF}.Debug|x64.ActiveCfg = Debug|Any CPU
		{AAE6C890-0771-47D7-9D06-40D4527EDBCF}.Debug|x64.Build.0 = Debug|Any CPU
		{AAE6C890-0771-47D7-9D06-40D4527EDBCF}.Debug|x86.ActiveCfg = Debug|Any CPU
		{AAE6C890-0771-47D7-9D06-40D4527EDBCF}.Debug|x86.Build.0 = Debug|Any CPU
		{AAE6C890-0771-47D7-9D06-40D4527EDBCF}.Release|Any CPU.ActiveCfg = Release|Any CPU
		{AAE6C890-0771-47D7-9D06-40D4527EDBCF}.Release|Any CPU.Build.0 = Release|Any CPU
		{AAE6C890-0771-47D7-9D06-40D4527EDBCF}.Release|x64.ActiveCfg = Release|Any CPU
		{AAE6C890-0771-47D7-9D06-40D4527EDBCF}.Release|x64.Build.0 = Release|Any CPU
		{AAE6C890-0771-47D7-9D06-40D4527EDBCF}.Release|x86.ActiveCfg = Release|Any CPU
		{AAE6C890-0771-47D7-9D06-40D4527EDBCF}.Release|x86.Build.0 = Release|Any CPU
		{FBE38E24-F77C-4EA0-AEA0-7D8A4F6B3910}.Debug|Any CPU.ActiveCfg = Debug|Any CPU
		{FBE38E24-F77C-4EA0-AEA0-7D8A4F6B3910}.Debug|Any CPU.Build.0 = Debug|Any CPU
		{FBE38E24-F77C-4EA0-AEA0-7D8A4F6B3910}.Debug|x64.ActiveCfg = Debug|Any CPU
		{FBE38E24-F77C-4EA0-AEA0-7D8A4F6B3910}.Debug|x64.Build.0 = Debug|Any CPU
		{FBE38E24-F77C-4EA0-AEA0-7D8A4F6B3910}.Debug|x86.ActiveCfg = Debug|Any CPU
		{FBE38E24-F77C-4EA0-AEA0-7D8A4F6B3910}.Debug|x86.Build.0 = Debug|Any CPU
		{FBE38E24-F77C-4EA0-AEA0-7D8A4F6B3910}.Release|Any CPU.ActiveCfg = Release|Any CPU
		{FBE38E24-F77C-4EA0-AEA0-7D8A4F6B3910}.Release|Any CPU.Build.0 = Release|Any CPU
		{FBE38E24-F77C-4EA0-AEA0-7D8A4F6B3910}.Release|x64.ActiveCfg = Release|Any CPU
		{FBE38E24-F77C-4EA0-AEA0-7D8A4F6B3910}.Release|x64.Build.0 = Release|Any CPU
		{FBE38E24-F77C-4EA0-AEA0-7D8A4F6B3910}.Release|x86.ActiveCfg = Release|Any CPU
		{FBE38E24-F77C-4EA0-AEA0-7D8A4F6B3910}.Release|x86.Build.0 = Release|Any CPU
		{8378B26A-2D48-4AB0-820B-ABCB0D380D0B}.Debug|Any CPU.ActiveCfg = Debug|Any CPU
		{8378B26A-2D48-4AB0-820B-ABCB0D380D0B}.Debug|Any CPU.Build.0 = Debug|Any CPU
		{8378B26A-2D48-4AB0-820B-ABCB0D380D0B}.Debug|x64.ActiveCfg = Debug|Any CPU
		{8378B26A-2D48-4AB0-820B-ABCB0D380D0B}.Debug|x64.Build.0 = Debug|Any CPU
		{8378B26A-2D48-4AB0-820B-ABCB0D380D0B}.Debug|x86.ActiveCfg = Debug|Any CPU
		{8378B26A-2D48-4AB0-820B-ABCB0D380D0B}.Debug|x86.Build.0 = Debug|Any CPU
		{8378B26A-2D48-4AB0-820B-ABCB0D380D0B}.Release|Any CPU.ActiveCfg = Release|Any CPU
		{8378B26A-2D48-4AB0-820B-ABCB0D380D0B}.Release|Any CPU.Build.0 = Release|Any CPU
		{8378B26A-2D48-4AB0-820B-ABCB0D380D0B}.Release|x64.ActiveCfg = Release|Any CPU
		{8378B26A-2D48-4AB0-820B-ABCB0D380D0B}.Release|x64.Build.0 = Release|Any CPU
		{8378B26A-2D48-4AB0-820B-ABCB0D380D0B}.Release|x86.ActiveCfg = Release|Any CPU
		{8378B26A-2D48-4AB0-820B-ABCB0D380D0B}.Release|x86.Build.0 = Release|Any CPU
		{713E16A6-07A4-4A78-BC25-621F882D21CB}.Debug|Any CPU.ActiveCfg = Debug|Any CPU
		{713E16A6-07A4-4A78-BC25-621F882D21CB}.Debug|Any CPU.Build.0 = Debug|Any CPU
		{713E16A6-07A4-4A78-BC25-621F882D21CB}.Debug|x64.ActiveCfg = Debug|Any CPU
		{713E16A6-07A4-4A78-BC25-621F882D21CB}.Debug|x64.Build.0 = Debug|Any CPU
		{713E16A6-07A4-4A78-BC25-621F882D21CB}.Debug|x86.ActiveCfg = Debug|Any CPU
		{713E16A6-07A4-4A78-BC25-621F882D21CB}.Debug|x86.Build.0 = Debug|Any CPU
		{713E16A6-07A4-4A78-BC25-621F882D21CB}.Release|Any CPU.ActiveCfg = Release|Any CPU
		{713E16A6-07A4-4A78-BC25-621F882D21CB}.Release|Any CPU.Build.0 = Release|Any CPU
		{713E16A6-07A4-4A78-BC25-621F882D21CB}.Release|x64.ActiveCfg = Release|Any CPU
		{713E16A6-07A4-4A78-BC25-621F882D21CB}.Release|x64.Build.0 = Release|Any CPU
		{713E16A6-07A4-4A78-BC25-621F882D21CB}.Release|x86.ActiveCfg = Release|Any CPU
		{713E16A6-07A4-4A78-BC25-621F882D21CB}.Release|x86.Build.0 = Release|Any CPU
		{06880809-30B1-48DB-BB99-DE613FFABE00}.Debug|Any CPU.ActiveCfg = Debug|Any CPU
		{06880809-30B1-48DB-BB99-DE613FFABE00}.Debug|Any CPU.Build.0 = Debug|Any CPU
		{06880809-30B1-48DB-BB99-DE613FFABE00}.Debug|x64.ActiveCfg = Debug|Any CPU
		{06880809-30B1-48DB-BB99-DE613FFABE00}.Debug|x64.Build.0 = Debug|Any CPU
		{06880809-30B1-48DB-BB99-DE613FFABE00}.Debug|x86.ActiveCfg = Debug|Any CPU
		{06880809-30B1-48DB-BB99-DE613FFABE00}.Debug|x86.Build.0 = Debug|Any CPU
		{06880809-30B1-48DB-BB99-DE613FFABE00}.Release|Any CPU.ActiveCfg = Release|Any CPU
		{06880809-30B1-48DB-BB99-DE613FFABE00}.Release|Any CPU.Build.0 = Release|Any CPU
		{06880809-30B1-48DB-BB99-DE613FFABE00}.Release|x64.ActiveCfg = Release|Any CPU
		{06880809-30B1-48DB-BB99-DE613FFABE00}.Release|x64.Build.0 = Release|Any CPU
		{06880809-30B1-48DB-BB99-DE613FFABE00}.Release|x86.ActiveCfg = Release|Any CPU
		{06880809-30B1-48DB-BB99-DE613FFABE00}.Release|x86.Build.0 = Release|Any CPU
		{531586B5-8352-4E9E-A489-DB243C2E3B96}.Debug|Any CPU.ActiveCfg = Debug|Any CPU
		{531586B5-8352-4E9E-A489-DB243C2E3B96}.Debug|Any CPU.Build.0 = Debug|Any CPU
		{531586B5-8352-4E9E-A489-DB243C2E3B96}.Debug|x64.ActiveCfg = Debug|Any CPU
		{531586B5-8352-4E9E-A489-DB243C2E3B96}.Debug|x64.Build.0 = Debug|Any CPU
		{531586B5-8352-4E9E-A489-DB243C2E3B96}.Debug|x86.ActiveCfg = Debug|Any CPU
		{531586B5-8352-4E9E-A489-DB243C2E3B96}.Debug|x86.Build.0 = Debug|Any CPU
		{531586B5-8352-4E9E-A489-DB243C2E3B96}.Release|Any CPU.ActiveCfg = Release|Any CPU
		{531586B5-8352-4E9E-A489-DB243C2E3B96}.Release|Any CPU.Build.0 = Release|Any CPU
		{531586B5-8352-4E9E-A489-DB243C2E3B96}.Release|x64.ActiveCfg = Release|Any CPU
		{531586B5-8352-4E9E-A489-DB243C2E3B96}.Release|x64.Build.0 = Release|Any CPU
		{531586B5-8352-4E9E-A489-DB243C2E3B96}.Release|x86.ActiveCfg = Release|Any CPU
		{531586B5-8352-4E9E-A489-DB243C2E3B96}.Release|x86.Build.0 = Release|Any CPU
		{C86B939A-0266-4535-8CF9-21A35429D7E3}.Debug|Any CPU.ActiveCfg = Debug|Any CPU
		{C86B939A-0266-4535-8CF9-21A35429D7E3}.Debug|Any CPU.Build.0 = Debug|Any CPU
		{C86B939A-0266-4535-8CF9-21A35429D7E3}.Debug|x64.ActiveCfg = Debug|Any CPU
		{C86B939A-0266-4535-8CF9-21A35429D7E3}.Debug|x64.Build.0 = Debug|Any CPU
		{C86B939A-0266-4535-8CF9-21A35429D7E3}.Debug|x86.ActiveCfg = Debug|Any CPU
		{C86B939A-0266-4535-8CF9-21A35429D7E3}.Debug|x86.Build.0 = Debug|Any CPU
		{C86B939A-0266-4535-8CF9-21A35429D7E3}.Release|Any CPU.ActiveCfg = Release|Any CPU
		{C86B939A-0266-4535-8CF9-21A35429D7E3}.Release|Any CPU.Build.0 = Release|Any CPU
		{C86B939A-0266-4535-8CF9-21A35429D7E3}.Release|x64.ActiveCfg = Release|Any CPU
		{C86B939A-0266-4535-8CF9-21A35429D7E3}.Release|x64.Build.0 = Release|Any CPU
		{C86B939A-0266-4535-8CF9-21A35429D7E3}.Release|x86.ActiveCfg = Release|Any CPU
		{C86B939A-0266-4535-8CF9-21A35429D7E3}.Release|x86.Build.0 = Release|Any CPU
		{6F28CA95-71B0-4DA3-B207-1EAAA0F09009}.Debug|Any CPU.ActiveCfg = Debug|Any CPU
		{6F28CA95-71B0-4DA3-B207-1EAAA0F09009}.Debug|Any CPU.Build.0 = Debug|Any CPU
		{6F28CA95-71B0-4DA3-B207-1EAAA0F09009}.Debug|x64.ActiveCfg = Debug|Any CPU
		{6F28CA95-71B0-4DA3-B207-1EAAA0F09009}.Debug|x64.Build.0 = Debug|Any CPU
		{6F28CA95-71B0-4DA3-B207-1EAAA0F09009}.Debug|x86.ActiveCfg = Debug|Any CPU
		{6F28CA95-71B0-4DA3-B207-1EAAA0F09009}.Debug|x86.Build.0 = Debug|Any CPU
		{6F28CA95-71B0-4DA3-B207-1EAAA0F09009}.Release|Any CPU.ActiveCfg = Release|Any CPU
		{6F28CA95-71B0-4DA3-B207-1EAAA0F09009}.Release|Any CPU.Build.0 = Release|Any CPU
		{6F28CA95-71B0-4DA3-B207-1EAAA0F09009}.Release|x64.ActiveCfg = Release|Any CPU
		{6F28CA95-71B0-4DA3-B207-1EAAA0F09009}.Release|x64.Build.0 = Release|Any CPU
		{6F28CA95-71B0-4DA3-B207-1EAAA0F09009}.Release|x86.ActiveCfg = Release|Any CPU
		{6F28CA95-71B0-4DA3-B207-1EAAA0F09009}.Release|x86.Build.0 = Release|Any CPU
		{255566E4-5C53-425A-8BE7-D099EDF05868}.Debug|Any CPU.ActiveCfg = Debug|Any CPU
		{255566E4-5C53-425A-8BE7-D099EDF05868}.Debug|Any CPU.Build.0 = Debug|Any CPU
		{255566E4-5C53-425A-8BE7-D099EDF05868}.Debug|x64.ActiveCfg = Debug|Any CPU
		{255566E4-5C53-425A-8BE7-D099EDF05868}.Debug|x64.Build.0 = Debug|Any CPU
		{255566E4-5C53-425A-8BE7-D099EDF05868}.Debug|x86.ActiveCfg = Debug|Any CPU
		{255566E4-5C53-425A-8BE7-D099EDF05868}.Debug|x86.Build.0 = Debug|Any CPU
		{255566E4-5C53-425A-8BE7-D099EDF05868}.Release|Any CPU.ActiveCfg = Release|Any CPU
		{255566E4-5C53-425A-8BE7-D099EDF05868}.Release|Any CPU.Build.0 = Release|Any CPU
		{255566E4-5C53-425A-8BE7-D099EDF05868}.Release|x64.ActiveCfg = Release|Any CPU
		{255566E4-5C53-425A-8BE7-D099EDF05868}.Release|x64.Build.0 = Release|Any CPU
		{255566E4-5C53-425A-8BE7-D099EDF05868}.Release|x86.ActiveCfg = Release|Any CPU
		{255566E4-5C53-425A-8BE7-D099EDF05868}.Release|x86.Build.0 = Release|Any CPU
		{217D47C7-1C99-4F64-BCA5-56C2BD813DB9}.Debug|Any CPU.ActiveCfg = Debug|Any CPU
		{217D47C7-1C99-4F64-BCA5-56C2BD813DB9}.Debug|Any CPU.Build.0 = Debug|Any CPU
		{217D47C7-1C99-4F64-BCA5-56C2BD813DB9}.Debug|x64.ActiveCfg = Debug|Any CPU
		{217D47C7-1C99-4F64-BCA5-56C2BD813DB9}.Debug|x64.Build.0 = Debug|Any CPU
		{217D47C7-1C99-4F64-BCA5-56C2BD813DB9}.Debug|x86.ActiveCfg = Debug|Any CPU
		{217D47C7-1C99-4F64-BCA5-56C2BD813DB9}.Debug|x86.Build.0 = Debug|Any CPU
		{217D47C7-1C99-4F64-BCA5-56C2BD813DB9}.Release|Any CPU.ActiveCfg = Release|Any CPU
		{217D47C7-1C99-4F64-BCA5-56C2BD813DB9}.Release|Any CPU.Build.0 = Release|Any CPU
		{217D47C7-1C99-4F64-BCA5-56C2BD813DB9}.Release|x64.ActiveCfg = Release|Any CPU
		{217D47C7-1C99-4F64-BCA5-56C2BD813DB9}.Release|x64.Build.0 = Release|Any CPU
		{217D47C7-1C99-4F64-BCA5-56C2BD813DB9}.Release|x86.ActiveCfg = Release|Any CPU
		{217D47C7-1C99-4F64-BCA5-56C2BD813DB9}.Release|x86.Build.0 = Release|Any CPU
		{DFBB6C03-1EC3-4346-A13A-8ED69B53D16C}.Debug|Any CPU.ActiveCfg = Debug|Any CPU
		{DFBB6C03-1EC3-4346-A13A-8ED69B53D16C}.Debug|Any CPU.Build.0 = Debug|Any CPU
		{DFBB6C03-1EC3-4346-A13A-8ED69B53D16C}.Debug|x64.ActiveCfg = Debug|Any CPU
		{DFBB6C03-1EC3-4346-A13A-8ED69B53D16C}.Debug|x64.Build.0 = Debug|Any CPU
		{DFBB6C03-1EC3-4346-A13A-8ED69B53D16C}.Debug|x86.ActiveCfg = Debug|Any CPU
		{DFBB6C03-1EC3-4346-A13A-8ED69B53D16C}.Debug|x86.Build.0 = Debug|Any CPU
		{DFBB6C03-1EC3-4346-A13A-8ED69B53D16C}.Release|Any CPU.ActiveCfg = Release|Any CPU
		{DFBB6C03-1EC3-4346-A13A-8ED69B53D16C}.Release|Any CPU.Build.0 = Release|Any CPU
		{DFBB6C03-1EC3-4346-A13A-8ED69B53D16C}.Release|x64.ActiveCfg = Release|Any CPU
		{DFBB6C03-1EC3-4346-A13A-8ED69B53D16C}.Release|x64.Build.0 = Release|Any CPU
		{DFBB6C03-1EC3-4346-A13A-8ED69B53D16C}.Release|x86.ActiveCfg = Release|Any CPU
		{DFBB6C03-1EC3-4346-A13A-8ED69B53D16C}.Release|x86.Build.0 = Release|Any CPU
		{90C63F55-FEEE-4A17-A2F9-B5E6ACE2CA08}.Debug|Any CPU.ActiveCfg = Debug|Any CPU
		{90C63F55-FEEE-4A17-A2F9-B5E6ACE2CA08}.Debug|Any CPU.Build.0 = Debug|Any CPU
		{90C63F55-FEEE-4A17-A2F9-B5E6ACE2CA08}.Debug|x64.ActiveCfg = Debug|Any CPU
		{90C63F55-FEEE-4A17-A2F9-B5E6ACE2CA08}.Debug|x64.Build.0 = Debug|Any CPU
		{90C63F55-FEEE-4A17-A2F9-B5E6ACE2CA08}.Debug|x86.ActiveCfg = Debug|Any CPU
		{90C63F55-FEEE-4A17-A2F9-B5E6ACE2CA08}.Debug|x86.Build.0 = Debug|Any CPU
		{90C63F55-FEEE-4A17-A2F9-B5E6ACE2CA08}.Release|Any CPU.ActiveCfg = Release|Any CPU
		{90C63F55-FEEE-4A17-A2F9-B5E6ACE2CA08}.Release|Any CPU.Build.0 = Release|Any CPU
		{90C63F55-FEEE-4A17-A2F9-B5E6ACE2CA08}.Release|x64.ActiveCfg = Release|Any CPU
		{90C63F55-FEEE-4A17-A2F9-B5E6ACE2CA08}.Release|x64.Build.0 = Release|Any CPU
		{90C63F55-FEEE-4A17-A2F9-B5E6ACE2CA08}.Release|x86.ActiveCfg = Release|Any CPU
		{90C63F55-FEEE-4A17-A2F9-B5E6ACE2CA08}.Release|x86.Build.0 = Release|Any CPU
	EndGlobalSection
	GlobalSection(SolutionProperties) = preSolution
		HideSolutionNode = FALSE
	EndGlobalSection
	GlobalSection(NestedProjects) = preSolution
		{F455261F-C8FC-4F74-9955-9602D90CC1A8} = {9C7D0AC2-A508-4780-80BD-34D7E6A755B3}
		{AAE6C890-0771-47D7-9D06-40D4527EDBCF} = {9C7D0AC2-A508-4780-80BD-34D7E6A755B3}
		{FBE38E24-F77C-4EA0-AEA0-7D8A4F6B3910} = {9C7D0AC2-A508-4780-80BD-34D7E6A755B3}
		{8378B26A-2D48-4AB0-820B-ABCB0D380D0B} = {9C7D0AC2-A508-4780-80BD-34D7E6A755B3}
		{713E16A6-07A4-4A78-BC25-621F882D21CB} = {47D58E79-22F9-41E4-AF6B-D29B5CE804D2}
		{06880809-30B1-48DB-BB99-DE613FFABE00} = {D360F40A-0ECD-40EF-94E1-772DDFF3A392}
		{531586B5-8352-4E9E-A489-DB243C2E3B96} = {9C7D0AC2-A508-4780-80BD-34D7E6A755B3}
		{C86B939A-0266-4535-8CF9-21A35429D7E3} = {D360F40A-0ECD-40EF-94E1-772DDFF3A392}
		{6F28CA95-71B0-4DA3-B207-1EAAA0F09009} = {9C7D0AC2-A508-4780-80BD-34D7E6A755B3}
		{255566E4-5C53-425A-8BE7-D099EDF05868} = {D360F40A-0ECD-40EF-94E1-772DDFF3A392}
		{217D47C7-1C99-4F64-BCA5-56C2BD813DB9} = {D360F40A-0ECD-40EF-94E1-772DDFF3A392}
		{DFBB6C03-1EC3-4346-A13A-8ED69B53D16C} = {D360F40A-0ECD-40EF-94E1-772DDFF3A392}
		{90C63F55-FEEE-4A17-A2F9-B5E6ACE2CA08} = {D360F40A-0ECD-40EF-94E1-772DDFF3A392}
	EndGlobalSection
	GlobalSection(ExtensibilityGlobals) = postSolution
		SolutionGuid = {17E3A270-FBF6-4998-BBA5-32FAC993C740}
	EndGlobalSection
EndGlobal
